// !$*UTF8*$!
{
	archiveVersion = 1;
	classes = {
	};
	objectVersion = 50;
	objects = {

/* Begin PBXBuildFile section */
		142879DA24CE1179005419BB /* SuggestionViewModelTests.swift in Sources */ = {isa = PBXBuildFile; fileRef = 142879D924CE1179005419BB /* SuggestionViewModelTests.swift */; };
		142879DC24CE1185005419BB /* SuggestionsViewModelTests.swift in Sources */ = {isa = PBXBuildFile; fileRef = 142879DB24CE1185005419BB /* SuggestionsViewModelTests.swift */; };
		1430DFF524D0580F00B8978C /* TabBarViewController.swift in Sources */ = {isa = PBXBuildFile; fileRef = 1430DFF424D0580F00B8978C /* TabBarViewController.swift */; };
		85AE2FF224A33A2D002D507F /* WebKit.framework in Frameworks */ = {isa = PBXBuildFile; fileRef = 85AE2FF124A33A2D002D507F /* WebKit.framework */; };
		AA23DA7324B25A74006F262F /* Database.swift in Sources */ = {isa = PBXBuildFile; fileRef = AA23DA7224B25A74006F262F /* Database.swift */; };
		AA23DA7624B25EC2006F262F /* DataModel.xcdatamodeld in Sources */ = {isa = PBXBuildFile; fileRef = AA23DA7424B25EC2006F262F /* DataModel.xcdatamodeld */; };
		AA2E423424C8A2270048C0D5 /* ColorView.swift in Sources */ = {isa = PBXBuildFile; fileRef = AA2E423324C8A2270048C0D5 /* ColorView.swift */; };
		AA3F895324C18AD500628DDE /* SuggestionViewModel.swift in Sources */ = {isa = PBXBuildFile; fileRef = AA3F895224C18AD500628DDE /* SuggestionViewModel.swift */; };
		AA585D82248FD31100E9A3E2 /* AppDelegate.swift in Sources */ = {isa = PBXBuildFile; fileRef = AA585D81248FD31100E9A3E2 /* AppDelegate.swift */; };
		AA585D84248FD31100E9A3E2 /* BrowserTabViewController.swift in Sources */ = {isa = PBXBuildFile; fileRef = AA585D83248FD31100E9A3E2 /* BrowserTabViewController.swift */; };
		AA585D86248FD31400E9A3E2 /* Assets.xcassets in Resources */ = {isa = PBXBuildFile; fileRef = AA585D85248FD31400E9A3E2 /* Assets.xcassets */; };
		AA585D89248FD31400E9A3E2 /* Main.storyboard in Resources */ = {isa = PBXBuildFile; fileRef = AA585D87248FD31400E9A3E2 /* Main.storyboard */; };
		AA585DA0248FD31500E9A3E2 /* DuckDuckGoUITests.swift in Sources */ = {isa = PBXBuildFile; fileRef = AA585D9F248FD31500E9A3E2 /* DuckDuckGoUITests.swift */; };
		AA585DAF2490E6E600E9A3E2 /* MainViewController.swift in Sources */ = {isa = PBXBuildFile; fileRef = AA585DAE2490E6E600E9A3E2 /* MainViewController.swift */; };
		AA5D6DAC24A340F700C6FBCE /* WebViewStateObserver.swift in Sources */ = {isa = PBXBuildFile; fileRef = AA5D6DAB24A340F700C6FBCE /* WebViewStateObserver.swift */; };
		AA63744B24C96EB900AB2AC4 /* HistoryTests.swift in Sources */ = {isa = PBXBuildFile; fileRef = AA63744A24C96EB900AB2AC4 /* HistoryTests.swift */; };
		AA63744D24C9B29900AB2AC4 /* HistoryStoreMock.swift in Sources */ = {isa = PBXBuildFile; fileRef = AA63744C24C9B29900AB2AC4 /* HistoryStoreMock.swift */; };
		AA63745224C9BBE100AB2AC4 /* SuggestionsAPIMock.swift in Sources */ = {isa = PBXBuildFile; fileRef = AA63745124C9BBE100AB2AC4 /* SuggestionsAPIMock.swift */; };
		AA63745424C9BF9A00AB2AC4 /* SuggestionsTests.swift in Sources */ = {isa = PBXBuildFile; fileRef = AA63745324C9BF9A00AB2AC4 /* SuggestionsTests.swift */; };
		AA63745624C9EB3C00AB2AC4 /* SuggestionsAPIResultTests.swift in Sources */ = {isa = PBXBuildFile; fileRef = AA63745524C9EB3C00AB2AC4 /* SuggestionsAPIResultTests.swift */; };
		AA68C3D32490ED62001B8783 /* NavigationBarViewController.swift in Sources */ = {isa = PBXBuildFile; fileRef = AA68C3D22490ED62001B8783 /* NavigationBarViewController.swift */; };
		AA68C3D72490F821001B8783 /* README.md in Resources */ = {isa = PBXBuildFile; fileRef = AA68C3D62490F821001B8783 /* README.md */; };
		AA7412B224D0B3AC00D22FE0 /* TabBarViewItem.swift in Sources */ = {isa = PBXBuildFile; fileRef = AA7412B024D0B3AC00D22FE0 /* TabBarViewItem.swift */; };
		AA7412B324D0B3AC00D22FE0 /* TabBarViewItem.xib in Resources */ = {isa = PBXBuildFile; fileRef = AA7412B124D0B3AC00D22FE0 /* TabBarViewItem.xib */; };
		AA7412B524D1536B00D22FE0 /* MainWindowController.swift in Sources */ = {isa = PBXBuildFile; fileRef = AA7412B424D1536B00D22FE0 /* MainWindowController.swift */; };
		AA7412B724D1687000D22FE0 /* TabBarScrollView.swift in Sources */ = {isa = PBXBuildFile; fileRef = AA7412B624D1687000D22FE0 /* TabBarScrollView.swift */; };
		AA7412BD24D2BEEE00D22FE0 /* MainWindow.swift in Sources */ = {isa = PBXBuildFile; fileRef = AA7412BC24D2BEEE00D22FE0 /* MainWindow.swift */; };
		AA7412BF24D2E07000D22FE0 /* ControlButtonsViewController.swift in Sources */ = {isa = PBXBuildFile; fileRef = AA7412BE24D2E07000D22FE0 /* ControlButtonsViewController.swift */; };
		AA86490C24D3494C001BABEE /* GradientView.swift in Sources */ = {isa = PBXBuildFile; fileRef = AA86490B24D3494C001BABEE /* GradientView.swift */; };
		AA8EDF2424923E980071C2E8 /* URLExtension.swift in Sources */ = {isa = PBXBuildFile; fileRef = AA8EDF2324923E980071C2E8 /* URLExtension.swift */; };
		AA8EDF2724923EC70071C2E8 /* StringExtension.swift in Sources */ = {isa = PBXBuildFile; fileRef = AA8EDF2624923EC70071C2E8 /* StringExtension.swift */; };
		AA8EDF2A249268600071C2E8 /* OSLogExtension.swift in Sources */ = {isa = PBXBuildFile; fileRef = AA8EDF29249268600071C2E8 /* OSLogExtension.swift */; };
		AA9FF95924A1ECF20039E328 /* Tab.swift in Sources */ = {isa = PBXBuildFile; fileRef = AA9FF95824A1ECF20039E328 /* Tab.swift */; };
		AA9FF95B24A1EFC20039E328 /* TabViewModel.swift in Sources */ = {isa = PBXBuildFile; fileRef = AA9FF95A24A1EFC20039E328 /* TabViewModel.swift */; };
		AA9FF95D24A1FA1C0039E328 /* TabCollection.swift in Sources */ = {isa = PBXBuildFile; fileRef = AA9FF95C24A1FA1C0039E328 /* TabCollection.swift */; };
		AA9FF95F24A1FB690039E328 /* TabCollectionViewModel.swift in Sources */ = {isa = PBXBuildFile; fileRef = AA9FF95E24A1FB680039E328 /* TabCollectionViewModel.swift */; };
		AA9FF96124A21D2F0039E328 /* PublisherExtension.swift in Sources */ = {isa = PBXBuildFile; fileRef = AA9FF96024A21D2F0039E328 /* PublisherExtension.swift */; };
		AAAC93EA24C5BA1700C23ECC /* LocalHistoryStoreTests.swift in Sources */ = {isa = PBXBuildFile; fileRef = AAAC93E924C5BA1700C23ECC /* LocalHistoryStoreTests.swift */; };
		AAAC93EF24C76FCD00C23ECC /* RotatingButton.swift in Sources */ = {isa = PBXBuildFile; fileRef = AAAC93EE24C76FCD00C23ECC /* RotatingButton.swift */; };
		AABEE69324A4E2F80043105B /* SuggestionsAPI.swift in Sources */ = {isa = PBXBuildFile; fileRef = AABEE69224A4E2F80043105B /* SuggestionsAPI.swift */; };
		AABEE69824A5FD930043105B /* SuggestionsAPIResult.swift in Sources */ = {isa = PBXBuildFile; fileRef = AABEE69724A5FD930043105B /* SuggestionsAPIResult.swift */; };
		AABEE69A24A902A90043105B /* SuggestionsViewModel.swift in Sources */ = {isa = PBXBuildFile; fileRef = AABEE69924A902A90043105B /* SuggestionsViewModel.swift */; };
		AABEE69C24A902BB0043105B /* Suggestions.swift in Sources */ = {isa = PBXBuildFile; fileRef = AABEE69B24A902BB0043105B /* Suggestions.swift */; };
		AABEE69E24A9C5C30043105B /* Suggestion.swift in Sources */ = {isa = PBXBuildFile; fileRef = AABEE69D24A9C5C30043105B /* Suggestion.swift */; };
		AABEE6A024A9D1000043105B /* HistoryStore.swift in Sources */ = {isa = PBXBuildFile; fileRef = AABEE69F24A9D1000043105B /* HistoryStore.swift */; };
		AABEE6A324A9F3EC0043105B /* Suggestions.storyboard in Resources */ = {isa = PBXBuildFile; fileRef = AABEE6A224A9F3EC0043105B /* Suggestions.storyboard */; };
		AABEE6A524AA0A7F0043105B /* SuggestionsViewController.swift in Sources */ = {isa = PBXBuildFile; fileRef = AABEE6A424AA0A7F0043105B /* SuggestionsViewController.swift */; };
		AABEE6A924AB4B910043105B /* SuggestionTableCellView.swift in Sources */ = {isa = PBXBuildFile; fileRef = AABEE6A824AB4B910043105B /* SuggestionTableCellView.swift */; };
		AABEE6AB24ACA0F90043105B /* SuggestionTableRowView.swift in Sources */ = {isa = PBXBuildFile; fileRef = AABEE6AA24ACA0F90043105B /* SuggestionTableRowView.swift */; };
		AABEE6AF24AD22B90043105B /* AutocompleteSearchField.swift in Sources */ = {isa = PBXBuildFile; fileRef = AABEE6AE24AD22B90043105B /* AutocompleteSearchField.swift */; };
		AAC9C01524CAFBCE00AD1325 /* TabTests.swift in Sources */ = {isa = PBXBuildFile; fileRef = AAC9C01424CAFBCE00AD1325 /* TabTests.swift */; };
		AAC9C01724CAFBDC00AD1325 /* TabCollectionTests.swift in Sources */ = {isa = PBXBuildFile; fileRef = AAC9C01624CAFBDC00AD1325 /* TabCollectionTests.swift */; };
		AAC9C01924CAFD8800AD1325 /* TabActionDelegateMock.swift in Sources */ = {isa = PBXBuildFile; fileRef = AAC9C01824CAFD8800AD1325 /* TabActionDelegateMock.swift */; };
		AAC9C01C24CB594C00AD1325 /* TabViewModelTests.swift in Sources */ = {isa = PBXBuildFile; fileRef = AAC9C01B24CB594C00AD1325 /* TabViewModelTests.swift */; };
		AAC9C01E24CB6BEB00AD1325 /* TabCollectionViewModelTests.swift in Sources */ = {isa = PBXBuildFile; fileRef = AAC9C01D24CB6BEB00AD1325 /* TabCollectionViewModelTests.swift */; };
		AAE1428C24C0D9F000AEB729 /* WebsiteVisit.swift in Sources */ = {isa = PBXBuildFile; fileRef = AAE1428B24C0D9F000AEB729 /* WebsiteVisit.swift */; };
		AAE7CAA124B4A88800CD7F00 /* History.swift in Sources */ = {isa = PBXBuildFile; fileRef = AAE7CAA024B4A88800CD7F00 /* History.swift */; };
		AAE7CAA424B4A8A700CD7F00 /* HistoryViewModel.swift in Sources */ = {isa = PBXBuildFile; fileRef = AAE7CAA324B4A8A700CD7F00 /* HistoryViewModel.swift */; };
/* End PBXBuildFile section */

/* Begin PBXContainerItemProxy section */
		AA585D91248FD31400E9A3E2 /* PBXContainerItemProxy */ = {
			isa = PBXContainerItemProxy;
			containerPortal = AA585D76248FD31100E9A3E2 /* Project object */;
			proxyType = 1;
			remoteGlobalIDString = AA585D7D248FD31100E9A3E2;
			remoteInfo = DuckDuckGo;
		};
		AA585D9C248FD31400E9A3E2 /* PBXContainerItemProxy */ = {
			isa = PBXContainerItemProxy;
			containerPortal = AA585D76248FD31100E9A3E2 /* Project object */;
			proxyType = 1;
			remoteGlobalIDString = AA585D7D248FD31100E9A3E2;
			remoteInfo = DuckDuckGo;
		};
/* End PBXContainerItemProxy section */

/* Begin PBXFileReference section */
		142879D924CE1179005419BB /* SuggestionViewModelTests.swift */ = {isa = PBXFileReference; lastKnownFileType = sourcecode.swift; path = SuggestionViewModelTests.swift; sourceTree = "<group>"; };
		142879DB24CE1185005419BB /* SuggestionsViewModelTests.swift */ = {isa = PBXFileReference; lastKnownFileType = sourcecode.swift; path = SuggestionsViewModelTests.swift; sourceTree = "<group>"; };
		1430DFF424D0580F00B8978C /* TabBarViewController.swift */ = {isa = PBXFileReference; lastKnownFileType = sourcecode.swift; path = TabBarViewController.swift; sourceTree = "<group>"; };
		85AE2FF124A33A2D002D507F /* WebKit.framework */ = {isa = PBXFileReference; lastKnownFileType = wrapper.framework; name = WebKit.framework; path = System/Library/Frameworks/WebKit.framework; sourceTree = SDKROOT; };
		AA23DA7224B25A74006F262F /* Database.swift */ = {isa = PBXFileReference; lastKnownFileType = sourcecode.swift; path = Database.swift; sourceTree = "<group>"; };
		AA23DA7524B25EC2006F262F /* DataModel.xcdatamodel */ = {isa = PBXFileReference; lastKnownFileType = wrapper.xcdatamodel; path = DataModel.xcdatamodel; sourceTree = "<group>"; };
		AA2E423324C8A2270048C0D5 /* ColorView.swift */ = {isa = PBXFileReference; fileEncoding = 4; lastKnownFileType = sourcecode.swift; path = ColorView.swift; sourceTree = "<group>"; };
		AA3F895224C18AD500628DDE /* SuggestionViewModel.swift */ = {isa = PBXFileReference; lastKnownFileType = sourcecode.swift; path = SuggestionViewModel.swift; sourceTree = "<group>"; };
		AA585D7E248FD31100E9A3E2 /* DuckDuckGo Privacy Browser.app */ = {isa = PBXFileReference; explicitFileType = wrapper.application; includeInIndex = 0; path = "DuckDuckGo Privacy Browser.app"; sourceTree = BUILT_PRODUCTS_DIR; };
		AA585D81248FD31100E9A3E2 /* AppDelegate.swift */ = {isa = PBXFileReference; lastKnownFileType = sourcecode.swift; path = AppDelegate.swift; sourceTree = "<group>"; };
		AA585D83248FD31100E9A3E2 /* BrowserTabViewController.swift */ = {isa = PBXFileReference; lastKnownFileType = sourcecode.swift; name = BrowserTabViewController.swift; path = ../BrowserTabViewController.swift; sourceTree = "<group>"; };
		AA585D85248FD31400E9A3E2 /* Assets.xcassets */ = {isa = PBXFileReference; lastKnownFileType = folder.assetcatalog; path = Assets.xcassets; sourceTree = "<group>"; };
		AA585D88248FD31400E9A3E2 /* Base */ = {isa = PBXFileReference; lastKnownFileType = file.storyboard; name = Base; path = Base.lproj/Main.storyboard; sourceTree = "<group>"; };
		AA585D8A248FD31400E9A3E2 /* Info.plist */ = {isa = PBXFileReference; lastKnownFileType = text.plist.xml; path = Info.plist; sourceTree = "<group>"; };
		AA585D8B248FD31400E9A3E2 /* DuckDuckGo.entitlements */ = {isa = PBXFileReference; lastKnownFileType = text.plist.entitlements; path = DuckDuckGo.entitlements; sourceTree = "<group>"; };
		AA585D90248FD31400E9A3E2 /* Unit Tests.xctest */ = {isa = PBXFileReference; explicitFileType = wrapper.cfbundle; includeInIndex = 0; path = "Unit Tests.xctest"; sourceTree = BUILT_PRODUCTS_DIR; };
		AA585D96248FD31400E9A3E2 /* Info.plist */ = {isa = PBXFileReference; lastKnownFileType = text.plist.xml; path = Info.plist; sourceTree = "<group>"; };
		AA585D9B248FD31400E9A3E2 /* UI Tests.xctest */ = {isa = PBXFileReference; explicitFileType = wrapper.cfbundle; includeInIndex = 0; path = "UI Tests.xctest"; sourceTree = BUILT_PRODUCTS_DIR; };
		AA585D9F248FD31500E9A3E2 /* DuckDuckGoUITests.swift */ = {isa = PBXFileReference; lastKnownFileType = sourcecode.swift; path = DuckDuckGoUITests.swift; sourceTree = "<group>"; };
		AA585DA1248FD31500E9A3E2 /* Info.plist */ = {isa = PBXFileReference; lastKnownFileType = text.plist.xml; path = Info.plist; sourceTree = "<group>"; };
		AA585DAE2490E6E600E9A3E2 /* MainViewController.swift */ = {isa = PBXFileReference; lastKnownFileType = sourcecode.swift; name = MainViewController.swift; path = ../MainViewController.swift; sourceTree = "<group>"; };
		AA5D6DAB24A340F700C6FBCE /* WebViewStateObserver.swift */ = {isa = PBXFileReference; lastKnownFileType = sourcecode.swift; path = WebViewStateObserver.swift; sourceTree = "<group>"; };
		AA63744A24C96EB900AB2AC4 /* HistoryTests.swift */ = {isa = PBXFileReference; lastKnownFileType = sourcecode.swift; path = HistoryTests.swift; sourceTree = "<group>"; };
		AA63744C24C9B29900AB2AC4 /* HistoryStoreMock.swift */ = {isa = PBXFileReference; lastKnownFileType = sourcecode.swift; path = HistoryStoreMock.swift; sourceTree = "<group>"; };
		AA63745124C9BBE100AB2AC4 /* SuggestionsAPIMock.swift */ = {isa = PBXFileReference; lastKnownFileType = sourcecode.swift; path = SuggestionsAPIMock.swift; sourceTree = "<group>"; };
		AA63745324C9BF9A00AB2AC4 /* SuggestionsTests.swift */ = {isa = PBXFileReference; lastKnownFileType = sourcecode.swift; path = SuggestionsTests.swift; sourceTree = "<group>"; };
		AA63745524C9EB3C00AB2AC4 /* SuggestionsAPIResultTests.swift */ = {isa = PBXFileReference; lastKnownFileType = sourcecode.swift; path = SuggestionsAPIResultTests.swift; sourceTree = "<group>"; };
		AA68C3D22490ED62001B8783 /* NavigationBarViewController.swift */ = {isa = PBXFileReference; lastKnownFileType = sourcecode.swift; name = NavigationBarViewController.swift; path = ../NavigationBarViewController.swift; sourceTree = "<group>"; };
		AA68C3D62490F821001B8783 /* README.md */ = {isa = PBXFileReference; lastKnownFileType = net.daringfireball.markdown; path = README.md; sourceTree = "<group>"; };
		AA7412B024D0B3AC00D22FE0 /* TabBarViewItem.swift */ = {isa = PBXFileReference; lastKnownFileType = sourcecode.swift; path = TabBarViewItem.swift; sourceTree = "<group>"; };
		AA7412B124D0B3AC00D22FE0 /* TabBarViewItem.xib */ = {isa = PBXFileReference; lastKnownFileType = file.xib; path = TabBarViewItem.xib; sourceTree = "<group>"; };
		AA7412B424D1536B00D22FE0 /* MainWindowController.swift */ = {isa = PBXFileReference; lastKnownFileType = sourcecode.swift; path = MainWindowController.swift; sourceTree = "<group>"; };
		AA7412B624D1687000D22FE0 /* TabBarScrollView.swift */ = {isa = PBXFileReference; lastKnownFileType = sourcecode.swift; path = TabBarScrollView.swift; sourceTree = "<group>"; };
		AA7412BC24D2BEEE00D22FE0 /* MainWindow.swift */ = {isa = PBXFileReference; lastKnownFileType = sourcecode.swift; path = MainWindow.swift; sourceTree = "<group>"; };
		AA7412BE24D2E07000D22FE0 /* ControlButtonsViewController.swift */ = {isa = PBXFileReference; lastKnownFileType = sourcecode.swift; path = ControlButtonsViewController.swift; sourceTree = "<group>"; };
		AA86490B24D3494C001BABEE /* GradientView.swift */ = {isa = PBXFileReference; lastKnownFileType = sourcecode.swift; path = GradientView.swift; sourceTree = "<group>"; };
		AA8EDF2324923E980071C2E8 /* URLExtension.swift */ = {isa = PBXFileReference; lastKnownFileType = sourcecode.swift; path = URLExtension.swift; sourceTree = "<group>"; };
		AA8EDF2624923EC70071C2E8 /* StringExtension.swift */ = {isa = PBXFileReference; lastKnownFileType = sourcecode.swift; path = StringExtension.swift; sourceTree = "<group>"; };
		AA8EDF29249268600071C2E8 /* OSLogExtension.swift */ = {isa = PBXFileReference; lastKnownFileType = sourcecode.swift; path = OSLogExtension.swift; sourceTree = "<group>"; };
		AA9FF95824A1ECF20039E328 /* Tab.swift */ = {isa = PBXFileReference; lastKnownFileType = sourcecode.swift; path = Tab.swift; sourceTree = "<group>"; };
		AA9FF95A24A1EFC20039E328 /* TabViewModel.swift */ = {isa = PBXFileReference; lastKnownFileType = sourcecode.swift; path = TabViewModel.swift; sourceTree = "<group>"; };
		AA9FF95C24A1FA1C0039E328 /* TabCollection.swift */ = {isa = PBXFileReference; lastKnownFileType = sourcecode.swift; path = TabCollection.swift; sourceTree = "<group>"; };
		AA9FF95E24A1FB680039E328 /* TabCollectionViewModel.swift */ = {isa = PBXFileReference; lastKnownFileType = sourcecode.swift; path = TabCollectionViewModel.swift; sourceTree = "<group>"; };
		AA9FF96024A21D2F0039E328 /* PublisherExtension.swift */ = {isa = PBXFileReference; lastKnownFileType = sourcecode.swift; path = PublisherExtension.swift; sourceTree = "<group>"; };
		AAAC93E924C5BA1700C23ECC /* LocalHistoryStoreTests.swift */ = {isa = PBXFileReference; lastKnownFileType = sourcecode.swift; path = LocalHistoryStoreTests.swift; sourceTree = "<group>"; };
		AAAC93EE24C76FCD00C23ECC /* RotatingButton.swift */ = {isa = PBXFileReference; lastKnownFileType = sourcecode.swift; path = RotatingButton.swift; sourceTree = "<group>"; };
		AABEE69224A4E2F80043105B /* SuggestionsAPI.swift */ = {isa = PBXFileReference; lastKnownFileType = sourcecode.swift; path = SuggestionsAPI.swift; sourceTree = "<group>"; };
		AABEE69724A5FD930043105B /* SuggestionsAPIResult.swift */ = {isa = PBXFileReference; lastKnownFileType = sourcecode.swift; path = SuggestionsAPIResult.swift; sourceTree = "<group>"; };
		AABEE69924A902A90043105B /* SuggestionsViewModel.swift */ = {isa = PBXFileReference; lastKnownFileType = sourcecode.swift; path = SuggestionsViewModel.swift; sourceTree = "<group>"; };
		AABEE69B24A902BB0043105B /* Suggestions.swift */ = {isa = PBXFileReference; lastKnownFileType = sourcecode.swift; path = Suggestions.swift; sourceTree = "<group>"; };
		AABEE69D24A9C5C30043105B /* Suggestion.swift */ = {isa = PBXFileReference; lastKnownFileType = sourcecode.swift; path = Suggestion.swift; sourceTree = "<group>"; };
		AABEE69F24A9D1000043105B /* HistoryStore.swift */ = {isa = PBXFileReference; lastKnownFileType = sourcecode.swift; path = HistoryStore.swift; sourceTree = "<group>"; };
		AABEE6A224A9F3EC0043105B /* Suggestions.storyboard */ = {isa = PBXFileReference; lastKnownFileType = file.storyboard; path = Suggestions.storyboard; sourceTree = "<group>"; };
		AABEE6A424AA0A7F0043105B /* SuggestionsViewController.swift */ = {isa = PBXFileReference; lastKnownFileType = sourcecode.swift; path = SuggestionsViewController.swift; sourceTree = "<group>"; };
		AABEE6A824AB4B910043105B /* SuggestionTableCellView.swift */ = {isa = PBXFileReference; lastKnownFileType = sourcecode.swift; path = SuggestionTableCellView.swift; sourceTree = "<group>"; };
		AABEE6AA24ACA0F90043105B /* SuggestionTableRowView.swift */ = {isa = PBXFileReference; lastKnownFileType = sourcecode.swift; path = SuggestionTableRowView.swift; sourceTree = "<group>"; };
		AABEE6AE24AD22B90043105B /* AutocompleteSearchField.swift */ = {isa = PBXFileReference; lastKnownFileType = sourcecode.swift; path = AutocompleteSearchField.swift; sourceTree = "<group>"; };
		AAC9C01424CAFBCE00AD1325 /* TabTests.swift */ = {isa = PBXFileReference; lastKnownFileType = sourcecode.swift; path = TabTests.swift; sourceTree = "<group>"; };
		AAC9C01624CAFBDC00AD1325 /* TabCollectionTests.swift */ = {isa = PBXFileReference; lastKnownFileType = sourcecode.swift; path = TabCollectionTests.swift; sourceTree = "<group>"; };
		AAC9C01824CAFD8800AD1325 /* TabActionDelegateMock.swift */ = {isa = PBXFileReference; lastKnownFileType = sourcecode.swift; path = TabActionDelegateMock.swift; sourceTree = "<group>"; };
		AAC9C01B24CB594C00AD1325 /* TabViewModelTests.swift */ = {isa = PBXFileReference; lastKnownFileType = sourcecode.swift; path = TabViewModelTests.swift; sourceTree = "<group>"; };
		AAC9C01D24CB6BEB00AD1325 /* TabCollectionViewModelTests.swift */ = {isa = PBXFileReference; lastKnownFileType = sourcecode.swift; path = TabCollectionViewModelTests.swift; sourceTree = "<group>"; };
		AAE1428B24C0D9F000AEB729 /* WebsiteVisit.swift */ = {isa = PBXFileReference; lastKnownFileType = sourcecode.swift; name = WebsiteVisit.swift; path = ../Model/WebsiteVisit.swift; sourceTree = "<group>"; };
		AAE7CAA024B4A88800CD7F00 /* History.swift */ = {isa = PBXFileReference; lastKnownFileType = sourcecode.swift; path = History.swift; sourceTree = "<group>"; };
		AAE7CAA324B4A8A700CD7F00 /* HistoryViewModel.swift */ = {isa = PBXFileReference; lastKnownFileType = sourcecode.swift; path = HistoryViewModel.swift; sourceTree = "<group>"; };
/* End PBXFileReference section */

/* Begin PBXFrameworksBuildPhase section */
		AA585D7B248FD31100E9A3E2 /* Frameworks */ = {
			isa = PBXFrameworksBuildPhase;
			buildActionMask = 2147483647;
			files = (
				85AE2FF224A33A2D002D507F /* WebKit.framework in Frameworks */,
			);
			runOnlyForDeploymentPostprocessing = 0;
		};
		AA585D8D248FD31400E9A3E2 /* Frameworks */ = {
			isa = PBXFrameworksBuildPhase;
			buildActionMask = 2147483647;
			files = (
			);
			runOnlyForDeploymentPostprocessing = 0;
		};
		AA585D98248FD31400E9A3E2 /* Frameworks */ = {
			isa = PBXFrameworksBuildPhase;
			buildActionMask = 2147483647;
			files = (
			);
			runOnlyForDeploymentPostprocessing = 0;
		};
/* End PBXFrameworksBuildPhase section */

/* Begin PBXGroup section */
		142879D824CE1139005419BB /* ViewModel */ = {
			isa = PBXGroup;
			children = (
				142879DB24CE1185005419BB /* SuggestionsViewModelTests.swift */,
				142879D924CE1179005419BB /* SuggestionViewModelTests.swift */,
			);
			path = ViewModel;
			sourceTree = "<group>";
		};
		85AE2FF024A33A2D002D507F /* Frameworks */ = {
			isa = PBXGroup;
			children = (
				85AE2FF124A33A2D002D507F /* WebKit.framework */,
			);
			name = Frameworks;
			sourceTree = "<group>";
		};
		AA23DA7124B24532006F262F /* Database */ = {
			isa = PBXGroup;
			children = (
				AA23DA7224B25A74006F262F /* Database.swift */,
				AA23DA7424B25EC2006F262F /* DataModel.xcdatamodeld */,
			);
			path = Database;
			sourceTree = "<group>";
		};
		AA585D75248FD31100E9A3E2 = {
			isa = PBXGroup;
			children = (
				AA68C3D62490F821001B8783 /* README.md */,
				AA585D80248FD31100E9A3E2 /* DuckDuckGo */,
				AA585D93248FD31400E9A3E2 /* Unit Tests */,
				AA585D9E248FD31500E9A3E2 /* DuckDuckGoUITests */,
				AA585D7F248FD31100E9A3E2 /* Products */,
				85AE2FF024A33A2D002D507F /* Frameworks */,
			);
			sourceTree = "<group>";
		};
		AA585D7F248FD31100E9A3E2 /* Products */ = {
			isa = PBXGroup;
			children = (
				AA585D7E248FD31100E9A3E2 /* DuckDuckGo Privacy Browser.app */,
				AA585D90248FD31400E9A3E2 /* Unit Tests.xctest */,
				AA585D9B248FD31400E9A3E2 /* UI Tests.xctest */,
			);
			name = Products;
			sourceTree = "<group>";
		};
		AA585D80248FD31100E9A3E2 /* DuckDuckGo */ = {
			isa = PBXGroup;
			children = (
				AA585D81248FD31100E9A3E2 /* AppDelegate.swift */,
				AA23DA7124B24532006F262F /* Database */,
				AADC60E92493B305008F8EF7 /* Extensions */,
				AAE7CA9D24B4A80200CD7F00 /* History */,
				AA585DB02490E6FA00E9A3E2 /* Main */,
				AACB8E7224A4C8BC005F2218 /* Suggestions */,
				AA585D85248FD31400E9A3E2 /* Assets.xcassets */,
				AA585D8B248FD31400E9A3E2 /* DuckDuckGo.entitlements */,
				AA585D8A248FD31400E9A3E2 /* Info.plist */,
			);
			path = DuckDuckGo;
			sourceTree = "<group>";
		};
		AA585D93248FD31400E9A3E2 /* Unit Tests */ = {
			isa = PBXGroup;
			children = (
				AAAC93E624C5B99500C23ECC /* History */,
				AAC9C01224CAFBB700AD1325 /* Main */,
				AA63744E24C9BB4A00AB2AC4 /* Suggestions */,
				AA585D96248FD31400E9A3E2 /* Info.plist */,
			);
			path = "Unit Tests";
			sourceTree = "<group>";
		};
		AA585D9E248FD31500E9A3E2 /* DuckDuckGoUITests */ = {
			isa = PBXGroup;
			children = (
				AA585D9F248FD31500E9A3E2 /* DuckDuckGoUITests.swift */,
				AA585DA1248FD31500E9A3E2 /* Info.plist */,
			);
			path = DuckDuckGoUITests;
			sourceTree = "<group>";
		};
		AA585DB02490E6FA00E9A3E2 /* Main */ = {
			isa = PBXGroup;
			children = (
				AA68C3D824911D56001B8783 /* View */,
				AA8EDF1F2491FCC10071C2E8 /* ViewModel */,
				AA9FF95724A1ECE20039E328 /* Model */,
			);
			path = Main;
			sourceTree = "<group>";
		};
		AA63744924C96E7900AB2AC4 /* Model */ = {
			isa = PBXGroup;
			children = (
				AA63744A24C96EB900AB2AC4 /* HistoryTests.swift */,
			);
			path = Model;
			sourceTree = "<group>";
		};
		AA63744E24C9BB4A00AB2AC4 /* Suggestions */ = {
			isa = PBXGroup;
			children = (
				142879D824CE1139005419BB /* ViewModel */,
				AA63745024C9BB9A00AB2AC4 /* Model */,
				AA63744F24C9BB8E00AB2AC4 /* Services */,
			);
			path = Suggestions;
			sourceTree = "<group>";
		};
		AA63744F24C9BB8E00AB2AC4 /* Services */ = {
			isa = PBXGroup;
			children = (
				AA63745124C9BBE100AB2AC4 /* SuggestionsAPIMock.swift */,
				AA63745524C9EB3C00AB2AC4 /* SuggestionsAPIResultTests.swift */,
			);
			path = Services;
			sourceTree = "<group>";
		};
		AA63745024C9BB9A00AB2AC4 /* Model */ = {
			isa = PBXGroup;
			children = (
				AA63745324C9BF9A00AB2AC4 /* SuggestionsTests.swift */,
			);
			path = Model;
			sourceTree = "<group>";
		};
		AA68C3D824911D56001B8783 /* View */ = {
			isa = PBXGroup;
			children = (
				AA585D87248FD31400E9A3E2 /* Main.storyboard */,
				AA7412BC24D2BEEE00D22FE0 /* MainWindow.swift */,
				AA7412B424D1536B00D22FE0 /* MainWindowController.swift */,
				AA585DAE2490E6E600E9A3E2 /* MainViewController.swift */,
				1430DFF424D0580F00B8978C /* TabBarViewController.swift */,
				AA7412B624D1687000D22FE0 /* TabBarScrollView.swift */,
				AA7412B024D0B3AC00D22FE0 /* TabBarViewItem.swift */,
				AA7412B124D0B3AC00D22FE0 /* TabBarViewItem.xib */,
				AA7412BE24D2E07000D22FE0 /* ControlButtonsViewController.swift */,
				AA68C3D22490ED62001B8783 /* NavigationBarViewController.swift */,
				AAAC93EE24C76FCD00C23ECC /* RotatingButton.swift */,
				AA585D83248FD31100E9A3E2 /* BrowserTabViewController.swift */,
				AA2E423324C8A2270048C0D5 /* ColorView.swift */,
				AA86490B24D3494C001BABEE /* GradientView.swift */,
				AA5D6DAB24A340F700C6FBCE /* WebViewStateObserver.swift */,
			);
			path = View;
			sourceTree = "<group>";
		};
		AA8EDF1F2491FCC10071C2E8 /* ViewModel */ = {
			isa = PBXGroup;
			children = (
				AA9FF95A24A1EFC20039E328 /* TabViewModel.swift */,
				AA9FF95E24A1FB680039E328 /* TabCollectionViewModel.swift */,
			);
			path = ViewModel;
			sourceTree = "<group>";
		};
		AA9FF95724A1ECE20039E328 /* Model */ = {
			isa = PBXGroup;
			children = (
				AA9FF95824A1ECF20039E328 /* Tab.swift */,
				AA9FF95C24A1FA1C0039E328 /* TabCollection.swift */,
			);
			path = Model;
			sourceTree = "<group>";
		};
		AAAC93E624C5B99500C23ECC /* History */ = {
			isa = PBXGroup;
			children = (
				AA63744924C96E7900AB2AC4 /* Model */,
				AAAC93E824C5B9A400C23ECC /* Services */,
			);
			path = History;
			sourceTree = "<group>";
		};
		AAAC93E824C5B9A400C23ECC /* Services */ = {
			isa = PBXGroup;
			children = (
				AAAC93E924C5BA1700C23ECC /* LocalHistoryStoreTests.swift */,
				AA63744C24C9B29900AB2AC4 /* HistoryStoreMock.swift */,
			);
			path = Services;
			sourceTree = "<group>";
		};
		AABEE68F24A4CB290043105B /* Model */ = {
			isa = PBXGroup;
			children = (
				AABEE69B24A902BB0043105B /* Suggestions.swift */,
				AABEE69D24A9C5C30043105B /* Suggestion.swift */,
			);
			path = Model;
			sourceTree = "<group>";
		};
		AABEE69024A4CB300043105B /* ViewModel */ = {
			isa = PBXGroup;
			children = (
				AABEE69924A902A90043105B /* SuggestionsViewModel.swift */,
				AA3F895224C18AD500628DDE /* SuggestionViewModel.swift */,
			);
			path = ViewModel;
			sourceTree = "<group>";
		};
		AABEE69124A4CB3E0043105B /* Services */ = {
			isa = PBXGroup;
			children = (
				AABEE69224A4E2F80043105B /* SuggestionsAPI.swift */,
				AABEE69724A5FD930043105B /* SuggestionsAPIResult.swift */,
			);
			path = Services;
			sourceTree = "<group>";
		};
		AABEE6A124A9F3C90043105B /* View */ = {
			isa = PBXGroup;
			children = (
				AABEE6AE24AD22B90043105B /* AutocompleteSearchField.swift */,
				AABEE6A224A9F3EC0043105B /* Suggestions.storyboard */,
				AABEE6A424AA0A7F0043105B /* SuggestionsViewController.swift */,
				AABEE6A824AB4B910043105B /* SuggestionTableCellView.swift */,
				AABEE6AA24ACA0F90043105B /* SuggestionTableRowView.swift */,
			);
			path = View;
			sourceTree = "<group>";
		};
		AAC9C01224CAFBB700AD1325 /* Main */ = {
			isa = PBXGroup;
			children = (
				AAC9C01A24CB592E00AD1325 /* ViewModel */,
				AAC9C01324CAFBBE00AD1325 /* Model */,
			);
			path = Main;
			sourceTree = "<group>";
		};
		AAC9C01324CAFBBE00AD1325 /* Model */ = {
			isa = PBXGroup;
			children = (
				AAC9C01424CAFBCE00AD1325 /* TabTests.swift */,
				AAC9C01824CAFD8800AD1325 /* TabActionDelegateMock.swift */,
				AAC9C01624CAFBDC00AD1325 /* TabCollectionTests.swift */,
			);
			path = Model;
			sourceTree = "<group>";
		};
		AAC9C01A24CB592E00AD1325 /* ViewModel */ = {
			isa = PBXGroup;
			children = (
				AAC9C01B24CB594C00AD1325 /* TabViewModelTests.swift */,
				AAC9C01D24CB6BEB00AD1325 /* TabCollectionViewModelTests.swift */,
			);
			path = ViewModel;
			sourceTree = "<group>";
		};
		AACB8E7224A4C8BC005F2218 /* Suggestions */ = {
			isa = PBXGroup;
			children = (
				AABEE6A124A9F3C90043105B /* View */,
				AABEE69024A4CB300043105B /* ViewModel */,
				AABEE68F24A4CB290043105B /* Model */,
				AABEE69124A4CB3E0043105B /* Services */,
			);
			path = Suggestions;
			sourceTree = "<group>";
		};
		AADC60E92493B305008F8EF7 /* Extensions */ = {
			isa = PBXGroup;
			children = (
				AA8EDF29249268600071C2E8 /* OSLogExtension.swift */,
				AA9FF96024A21D2F0039E328 /* PublisherExtension.swift */,
				AA8EDF2624923EC70071C2E8 /* StringExtension.swift */,
				AA8EDF2324923E980071C2E8 /* URLExtension.swift */,
			);
			path = Extensions;
			sourceTree = "<group>";
		};
		AAE7CA9D24B4A80200CD7F00 /* History */ = {
			isa = PBXGroup;
			children = (
				AAE7CAA224B4A89700CD7F00 /* ViewModel */,
				AAE7CA9F24B4A87400CD7F00 /* Model */,
				AAE7CA9E24B4A85300CD7F00 /* Services */,
			);
			path = History;
			sourceTree = "<group>";
		};
		AAE7CA9E24B4A85300CD7F00 /* Services */ = {
			isa = PBXGroup;
			children = (
				AAE1428B24C0D9F000AEB729 /* WebsiteVisit.swift */,
				AABEE69F24A9D1000043105B /* HistoryStore.swift */,
			);
			path = Services;
			sourceTree = "<group>";
		};
		AAE7CA9F24B4A87400CD7F00 /* Model */ = {
			isa = PBXGroup;
			children = (
				AAE7CAA024B4A88800CD7F00 /* History.swift */,
			);
			path = Model;
			sourceTree = "<group>";
		};
		AAE7CAA224B4A89700CD7F00 /* ViewModel */ = {
			isa = PBXGroup;
			children = (
				AAE7CAA324B4A8A700CD7F00 /* HistoryViewModel.swift */,
			);
			path = ViewModel;
			sourceTree = "<group>";
		};
/* End PBXGroup section */

/* Begin PBXNativeTarget section */
		AA585D7D248FD31100E9A3E2 /* DuckDuckGo Privacy Browser */ = {
			isa = PBXNativeTarget;
			buildConfigurationList = AA585DA4248FD31500E9A3E2 /* Build configuration list for PBXNativeTarget "DuckDuckGo Privacy Browser" */;
			buildPhases = (
				AA585D7A248FD31100E9A3E2 /* Sources */,
				AA8EDF2824925E940071C2E8 /* Swift Lint */,
				AA585D7B248FD31100E9A3E2 /* Frameworks */,
				AA585D7C248FD31100E9A3E2 /* Resources */,
			);
			buildRules = (
			);
			dependencies = (
			);
			name = "DuckDuckGo Privacy Browser";
			productName = DuckDuckGo;
			productReference = AA585D7E248FD31100E9A3E2 /* DuckDuckGo Privacy Browser.app */;
			productType = "com.apple.product-type.application";
		};
		AA585D8F248FD31400E9A3E2 /* Unit Tests */ = {
			isa = PBXNativeTarget;
			buildConfigurationList = AA585DA7248FD31500E9A3E2 /* Build configuration list for PBXNativeTarget "Unit Tests" */;
			buildPhases = (
				AA585D8C248FD31400E9A3E2 /* Sources */,
				AA585D8D248FD31400E9A3E2 /* Frameworks */,
				AA585D8E248FD31400E9A3E2 /* Resources */,
			);
			buildRules = (
			);
			dependencies = (
				AA585D92248FD31400E9A3E2 /* PBXTargetDependency */,
			);
			name = "Unit Tests";
			productName = DuckDuckGoTests;
			productReference = AA585D90248FD31400E9A3E2 /* Unit Tests.xctest */;
			productType = "com.apple.product-type.bundle.unit-test";
		};
		AA585D9A248FD31400E9A3E2 /* UI Tests */ = {
			isa = PBXNativeTarget;
			buildConfigurationList = AA585DAA248FD31500E9A3E2 /* Build configuration list for PBXNativeTarget "UI Tests" */;
			buildPhases = (
				AA585D97248FD31400E9A3E2 /* Sources */,
				AA585D98248FD31400E9A3E2 /* Frameworks */,
				AA585D99248FD31400E9A3E2 /* Resources */,
			);
			buildRules = (
			);
			dependencies = (
				AA585D9D248FD31400E9A3E2 /* PBXTargetDependency */,
			);
			name = "UI Tests";
			productName = DuckDuckGoUITests;
			productReference = AA585D9B248FD31400E9A3E2 /* UI Tests.xctest */;
			productType = "com.apple.product-type.bundle.ui-testing";
		};
/* End PBXNativeTarget section */

/* Begin PBXProject section */
		AA585D76248FD31100E9A3E2 /* Project object */ = {
			isa = PBXProject;
			attributes = {
				LastSwiftUpdateCheck = 1150;
				LastUpgradeCheck = 1200;
				ORGANIZATIONNAME = DuckDuckGo;
				TargetAttributes = {
					AA585D7D248FD31100E9A3E2 = {
						CreatedOnToolsVersion = 11.5;
					};
					AA585D8F248FD31400E9A3E2 = {
						CreatedOnToolsVersion = 11.5;
						TestTargetID = AA585D7D248FD31100E9A3E2;
					};
					AA585D9A248FD31400E9A3E2 = {
						CreatedOnToolsVersion = 11.5;
						TestTargetID = AA585D7D248FD31100E9A3E2;
					};
				};
			};
			buildConfigurationList = AA585D79248FD31100E9A3E2 /* Build configuration list for PBXProject "DuckDuckGo" */;
			compatibilityVersion = "Xcode 9.3";
			developmentRegion = en;
			hasScannedForEncodings = 0;
			knownRegions = (
				en,
				Base,
			);
			mainGroup = AA585D75248FD31100E9A3E2;
			productRefGroup = AA585D7F248FD31100E9A3E2 /* Products */;
			projectDirPath = "";
			projectRoot = "";
			targets = (
				AA585D7D248FD31100E9A3E2 /* DuckDuckGo Privacy Browser */,
				AA585D8F248FD31400E9A3E2 /* Unit Tests */,
				AA585D9A248FD31400E9A3E2 /* UI Tests */,
			);
		};
/* End PBXProject section */

/* Begin PBXResourcesBuildPhase section */
		AA585D7C248FD31100E9A3E2 /* Resources */ = {
			isa = PBXResourcesBuildPhase;
			buildActionMask = 2147483647;
			files = (
				AABEE6A324A9F3EC0043105B /* Suggestions.storyboard in Resources */,
				AA68C3D72490F821001B8783 /* README.md in Resources */,
				AA585D86248FD31400E9A3E2 /* Assets.xcassets in Resources */,
				AA585D89248FD31400E9A3E2 /* Main.storyboard in Resources */,
				AA7412B324D0B3AC00D22FE0 /* TabBarViewItem.xib in Resources */,
			);
			runOnlyForDeploymentPostprocessing = 0;
		};
		AA585D8E248FD31400E9A3E2 /* Resources */ = {
			isa = PBXResourcesBuildPhase;
			buildActionMask = 2147483647;
			files = (
			);
			runOnlyForDeploymentPostprocessing = 0;
		};
		AA585D99248FD31400E9A3E2 /* Resources */ = {
			isa = PBXResourcesBuildPhase;
			buildActionMask = 2147483647;
			files = (
			);
			runOnlyForDeploymentPostprocessing = 0;
		};
/* End PBXResourcesBuildPhase section */

/* Begin PBXShellScriptBuildPhase section */
		AA8EDF2824925E940071C2E8 /* Swift Lint */ = {
			isa = PBXShellScriptBuildPhase;
			buildActionMask = 2147483647;
			files = (
			);
			inputFileListPaths = (
			);
			inputPaths = (
			);
			name = "Swift Lint";
			outputFileListPaths = (
			);
			outputPaths = (
			);
			runOnlyForDeploymentPostprocessing = 0;
			shellPath = /bin/sh;
			shellScript = "if which swiftlint >/dev/null; then\n   if [ ! -z \"$BITRISE_PROJECT_PATH\" ] || [ \"$CONFIGURATION\" = \"Release\" ]; then\n       swiftlint lint --strict\n       if [ $? -ne 0 ]; then\n           echo \"error: SwiftLint validation failed.\"\n           exit 1\n       fi\n   else\n       swiftlint lint\n   fi\nelse\n   echo \"error: SwiftLint not installed. Install using \\`brew install swiftlint\\`\"\n   exit 1\nfi\n";
		};
/* End PBXShellScriptBuildPhase section */

/* Begin PBXSourcesBuildPhase section */
		AA585D7A248FD31100E9A3E2 /* Sources */ = {
			isa = PBXSourcesBuildPhase;
			buildActionMask = 2147483647;
			files = (
				AA86490C24D3494C001BABEE /* GradientView.swift in Sources */,
				AA7412BD24D2BEEE00D22FE0 /* MainWindow.swift in Sources */,
				1430DFF524D0580F00B8978C /* TabBarViewController.swift in Sources */,
				AABEE6A524AA0A7F0043105B /* SuggestionsViewController.swift in Sources */,
				AABEE6AB24ACA0F90043105B /* SuggestionTableRowView.swift in Sources */,
				AA5D6DAC24A340F700C6FBCE /* WebViewStateObserver.swift in Sources */,
				AABEE6AF24AD22B90043105B /* AutocompleteSearchField.swift in Sources */,
				AA68C3D32490ED62001B8783 /* NavigationBarViewController.swift in Sources */,
				AA585DAF2490E6E600E9A3E2 /* MainViewController.swift in Sources */,
				AA23DA7324B25A74006F262F /* Database.swift in Sources */,
				AA9FF96124A21D2F0039E328 /* PublisherExtension.swift in Sources */,
				AABEE69A24A902A90043105B /* SuggestionsViewModel.swift in Sources */,
				AABEE69E24A9C5C30043105B /* Suggestion.swift in Sources */,
				AA2E423424C8A2270048C0D5 /* ColorView.swift in Sources */,
				AAE7CAA124B4A88800CD7F00 /* History.swift in Sources */,
				AA9FF95F24A1FB690039E328 /* TabCollectionViewModel.swift in Sources */,
				AA585D84248FD31100E9A3E2 /* BrowserTabViewController.swift in Sources */,
				AA7412BF24D2E07000D22FE0 /* ControlButtonsViewController.swift in Sources */,
				AABEE69324A4E2F80043105B /* SuggestionsAPI.swift in Sources */,
				AABEE6A924AB4B910043105B /* SuggestionTableCellView.swift in Sources */,
				AAAC93EF24C76FCD00C23ECC /* RotatingButton.swift in Sources */,
				AAE1428C24C0D9F000AEB729 /* WebsiteVisit.swift in Sources */,
				AA9FF95D24A1FA1C0039E328 /* TabCollection.swift in Sources */,
				AA3F895324C18AD500628DDE /* SuggestionViewModel.swift in Sources */,
				AA9FF95B24A1EFC20039E328 /* TabViewModel.swift in Sources */,
				AA8EDF2724923EC70071C2E8 /* StringExtension.swift in Sources */,
				AA7412B724D1687000D22FE0 /* TabBarScrollView.swift in Sources */,
				AA585D82248FD31100E9A3E2 /* AppDelegate.swift in Sources */,
				AAE7CAA424B4A8A700CD7F00 /* HistoryViewModel.swift in Sources */,
				AABEE69C24A902BB0043105B /* Suggestions.swift in Sources */,
				AA7412B524D1536B00D22FE0 /* MainWindowController.swift in Sources */,
				AA9FF95924A1ECF20039E328 /* Tab.swift in Sources */,
				AABEE6A024A9D1000043105B /* HistoryStore.swift in Sources */,
				AA23DA7624B25EC2006F262F /* DataModel.xcdatamodeld in Sources */,
				AA8EDF2A249268600071C2E8 /* OSLogExtension.swift in Sources */,
				AA7412B224D0B3AC00D22FE0 /* TabBarViewItem.swift in Sources */,
				AA8EDF2424923E980071C2E8 /* URLExtension.swift in Sources */,
				AABEE69824A5FD930043105B /* SuggestionsAPIResult.swift in Sources */,
			);
			runOnlyForDeploymentPostprocessing = 0;
		};
		AA585D8C248FD31400E9A3E2 /* Sources */ = {
			isa = PBXSourcesBuildPhase;
			buildActionMask = 2147483647;
			files = (
				142879DA24CE1179005419BB /* SuggestionViewModelTests.swift in Sources */,
				AA63744B24C96EB900AB2AC4 /* HistoryTests.swift in Sources */,
				AAC9C01E24CB6BEB00AD1325 /* TabCollectionViewModelTests.swift in Sources */,
				AAC9C01724CAFBDC00AD1325 /* TabCollectionTests.swift in Sources */,
				AAC9C01C24CB594C00AD1325 /* TabViewModelTests.swift in Sources */,
				AAAC93EA24C5BA1700C23ECC /* LocalHistoryStoreTests.swift in Sources */,
				AAC9C01924CAFD8800AD1325 /* TabActionDelegateMock.swift in Sources */,
				AA63745224C9BBE100AB2AC4 /* SuggestionsAPIMock.swift in Sources */,
				142879DC24CE1185005419BB /* SuggestionsViewModelTests.swift in Sources */,
				AA63744D24C9B29900AB2AC4 /* HistoryStoreMock.swift in Sources */,
				AA63745424C9BF9A00AB2AC4 /* SuggestionsTests.swift in Sources */,
				AAC9C01524CAFBCE00AD1325 /* TabTests.swift in Sources */,
				AA63745624C9EB3C00AB2AC4 /* SuggestionsAPIResultTests.swift in Sources */,
			);
			runOnlyForDeploymentPostprocessing = 0;
		};
		AA585D97248FD31400E9A3E2 /* Sources */ = {
			isa = PBXSourcesBuildPhase;
			buildActionMask = 2147483647;
			files = (
				AA585DA0248FD31500E9A3E2 /* DuckDuckGoUITests.swift in Sources */,
			);
			runOnlyForDeploymentPostprocessing = 0;
		};
/* End PBXSourcesBuildPhase section */

/* Begin PBXTargetDependency section */
		AA585D92248FD31400E9A3E2 /* PBXTargetDependency */ = {
			isa = PBXTargetDependency;
			target = AA585D7D248FD31100E9A3E2 /* DuckDuckGo Privacy Browser */;
			targetProxy = AA585D91248FD31400E9A3E2 /* PBXContainerItemProxy */;
		};
		AA585D9D248FD31400E9A3E2 /* PBXTargetDependency */ = {
			isa = PBXTargetDependency;
			target = AA585D7D248FD31100E9A3E2 /* DuckDuckGo Privacy Browser */;
			targetProxy = AA585D9C248FD31400E9A3E2 /* PBXContainerItemProxy */;
		};
/* End PBXTargetDependency section */

/* Begin PBXVariantGroup section */
		AA585D87248FD31400E9A3E2 /* Main.storyboard */ = {
			isa = PBXVariantGroup;
			children = (
				AA585D88248FD31400E9A3E2 /* Base */,
			);
			name = Main.storyboard;
			sourceTree = "<group>";
		};
/* End PBXVariantGroup section */

/* Begin XCBuildConfiguration section */
		AA585DA2248FD31500E9A3E2 /* Debug */ = {
			isa = XCBuildConfiguration;
			buildSettings = {
				ALWAYS_SEARCH_USER_PATHS = NO;
				CLANG_ANALYZER_NONNULL = YES;
				CLANG_ANALYZER_NUMBER_OBJECT_CONVERSION = YES_AGGRESSIVE;
				CLANG_CXX_LANGUAGE_STANDARD = "gnu++14";
				CLANG_CXX_LIBRARY = "libc++";
				CLANG_ENABLE_MODULES = YES;
				CLANG_ENABLE_OBJC_ARC = YES;
				CLANG_ENABLE_OBJC_WEAK = YES;
				CLANG_WARN_BLOCK_CAPTURE_AUTORELEASING = YES;
				CLANG_WARN_BOOL_CONVERSION = YES;
				CLANG_WARN_COMMA = YES;
				CLANG_WARN_CONSTANT_CONVERSION = YES;
				CLANG_WARN_DEPRECATED_OBJC_IMPLEMENTATIONS = YES;
				CLANG_WARN_DIRECT_OBJC_ISA_USAGE = YES_ERROR;
				CLANG_WARN_DOCUMENTATION_COMMENTS = YES;
				CLANG_WARN_EMPTY_BODY = YES;
				CLANG_WARN_ENUM_CONVERSION = YES;
				CLANG_WARN_INFINITE_RECURSION = YES;
				CLANG_WARN_INT_CONVERSION = YES;
				CLANG_WARN_NON_LITERAL_NULL_CONVERSION = YES;
				CLANG_WARN_OBJC_IMPLICIT_RETAIN_SELF = YES;
				CLANG_WARN_OBJC_LITERAL_CONVERSION = YES;
				CLANG_WARN_OBJC_ROOT_CLASS = YES_ERROR;
				CLANG_WARN_QUOTED_INCLUDE_IN_FRAMEWORK_HEADER = YES;
				CLANG_WARN_RANGE_LOOP_ANALYSIS = YES;
				CLANG_WARN_STRICT_PROTOTYPES = YES;
				CLANG_WARN_SUSPICIOUS_MOVE = YES;
				CLANG_WARN_UNGUARDED_AVAILABILITY = YES_AGGRESSIVE;
				CLANG_WARN_UNREACHABLE_CODE = YES;
				CLANG_WARN__DUPLICATE_METHOD_MATCH = YES;
				COPY_PHASE_STRIP = NO;
				DEBUG_INFORMATION_FORMAT = dwarf;
				ENABLE_STRICT_OBJC_MSGSEND = YES;
				ENABLE_TESTABILITY = YES;
				GCC_C_LANGUAGE_STANDARD = gnu11;
				GCC_DYNAMIC_NO_PIC = NO;
				GCC_NO_COMMON_BLOCKS = YES;
				GCC_OPTIMIZATION_LEVEL = 0;
				GCC_PREPROCESSOR_DEFINITIONS = (
					"DEBUG=1",
					"$(inherited)",
				);
				GCC_WARN_64_TO_32_BIT_CONVERSION = YES;
				GCC_WARN_ABOUT_RETURN_TYPE = YES_ERROR;
				GCC_WARN_UNDECLARED_SELECTOR = YES;
				GCC_WARN_UNINITIALIZED_AUTOS = YES_AGGRESSIVE;
				GCC_WARN_UNUSED_FUNCTION = YES;
				GCC_WARN_UNUSED_VARIABLE = YES;
				MACOSX_DEPLOYMENT_TARGET = 10.15;
				MTL_ENABLE_DEBUG_INFO = INCLUDE_SOURCE;
				MTL_FAST_MATH = YES;
				ONLY_ACTIVE_ARCH = YES;
				SDKROOT = macosx;
				SWIFT_ACTIVE_COMPILATION_CONDITIONS = DEBUG;
				SWIFT_OPTIMIZATION_LEVEL = "-Onone";
			};
			name = Debug;
		};
		AA585DA3248FD31500E9A3E2 /* Release */ = {
			isa = XCBuildConfiguration;
			buildSettings = {
				ALWAYS_SEARCH_USER_PATHS = NO;
				CLANG_ANALYZER_NONNULL = YES;
				CLANG_ANALYZER_NUMBER_OBJECT_CONVERSION = YES_AGGRESSIVE;
				CLANG_CXX_LANGUAGE_STANDARD = "gnu++14";
				CLANG_CXX_LIBRARY = "libc++";
				CLANG_ENABLE_MODULES = YES;
				CLANG_ENABLE_OBJC_ARC = YES;
				CLANG_ENABLE_OBJC_WEAK = YES;
				CLANG_WARN_BLOCK_CAPTURE_AUTORELEASING = YES;
				CLANG_WARN_BOOL_CONVERSION = YES;
				CLANG_WARN_COMMA = YES;
				CLANG_WARN_CONSTANT_CONVERSION = YES;
				CLANG_WARN_DEPRECATED_OBJC_IMPLEMENTATIONS = YES;
				CLANG_WARN_DIRECT_OBJC_ISA_USAGE = YES_ERROR;
				CLANG_WARN_DOCUMENTATION_COMMENTS = YES;
				CLANG_WARN_EMPTY_BODY = YES;
				CLANG_WARN_ENUM_CONVERSION = YES;
				CLANG_WARN_INFINITE_RECURSION = YES;
				CLANG_WARN_INT_CONVERSION = YES;
				CLANG_WARN_NON_LITERAL_NULL_CONVERSION = YES;
				CLANG_WARN_OBJC_IMPLICIT_RETAIN_SELF = YES;
				CLANG_WARN_OBJC_LITERAL_CONVERSION = YES;
				CLANG_WARN_OBJC_ROOT_CLASS = YES_ERROR;
				CLANG_WARN_QUOTED_INCLUDE_IN_FRAMEWORK_HEADER = YES;
				CLANG_WARN_RANGE_LOOP_ANALYSIS = YES;
				CLANG_WARN_STRICT_PROTOTYPES = YES;
				CLANG_WARN_SUSPICIOUS_MOVE = YES;
				CLANG_WARN_UNGUARDED_AVAILABILITY = YES_AGGRESSIVE;
				CLANG_WARN_UNREACHABLE_CODE = YES;
				CLANG_WARN__DUPLICATE_METHOD_MATCH = YES;
				COPY_PHASE_STRIP = NO;
				DEBUG_INFORMATION_FORMAT = "dwarf-with-dsym";
				ENABLE_NS_ASSERTIONS = NO;
				ENABLE_STRICT_OBJC_MSGSEND = YES;
				GCC_C_LANGUAGE_STANDARD = gnu11;
				GCC_NO_COMMON_BLOCKS = YES;
				GCC_WARN_64_TO_32_BIT_CONVERSION = YES;
				GCC_WARN_ABOUT_RETURN_TYPE = YES_ERROR;
				GCC_WARN_UNDECLARED_SELECTOR = YES;
				GCC_WARN_UNINITIALIZED_AUTOS = YES_AGGRESSIVE;
				GCC_WARN_UNUSED_FUNCTION = YES;
				GCC_WARN_UNUSED_VARIABLE = YES;
				MACOSX_DEPLOYMENT_TARGET = 10.15;
				MTL_ENABLE_DEBUG_INFO = NO;
				MTL_FAST_MATH = YES;
				SDKROOT = macosx;
				SWIFT_COMPILATION_MODE = wholemodule;
				SWIFT_OPTIMIZATION_LEVEL = "-O";
			};
			name = Release;
		};
		AA585DA5248FD31500E9A3E2 /* Debug */ = {
			isa = XCBuildConfiguration;
			buildSettings = {
				ASSETCATALOG_COMPILER_APPICON_NAME = AppIcon;
				CODE_SIGN_ENTITLEMENTS = DuckDuckGo/DuckDuckGo.entitlements;
				CODE_SIGN_IDENTITY = "Apple Development";
				CODE_SIGN_STYLE = Automatic;
				COMBINE_HIDPI_IMAGES = YES;
				DEVELOPMENT_TEAM = HKE973VLUW;
				ENABLE_HARDENED_RUNTIME = YES;
				INFOPLIST_FILE = DuckDuckGo/Info.plist;
				LD_RUNPATH_SEARCH_PATHS = (
					"$(inherited)",
					"@executable_path/../Frameworks",
				);
				MARKETING_VERSION = 0.1.2;
				PRODUCT_BUNDLE_IDENTIFIER = com.duckduckgo.macos.browser;
				PRODUCT_NAME = "$(TARGET_NAME)";
				SWIFT_VERSION = 5.0;
			};
			name = Debug;
		};
		AA585DA6248FD31500E9A3E2 /* Release */ = {
			isa = XCBuildConfiguration;
			buildSettings = {
				ASSETCATALOG_COMPILER_APPICON_NAME = AppIcon;
				CODE_SIGN_ENTITLEMENTS = DuckDuckGo/DuckDuckGo.entitlements;
				CODE_SIGN_IDENTITY = "Apple Development";
				CODE_SIGN_STYLE = Automatic;
				COMBINE_HIDPI_IMAGES = YES;
				DEVELOPMENT_TEAM = HKE973VLUW;
				ENABLE_HARDENED_RUNTIME = YES;
				INFOPLIST_FILE = DuckDuckGo/Info.plist;
				LD_RUNPATH_SEARCH_PATHS = (
					"$(inherited)",
					"@executable_path/../Frameworks",
				);
				MARKETING_VERSION = 0.1.2;
				PRODUCT_BUNDLE_IDENTIFIER = com.duckduckgo.macos.browser;
				PRODUCT_NAME = "$(TARGET_NAME)";
				SWIFT_VERSION = 5.0;
			};
			name = Release;
		};
		AA585DA8248FD31500E9A3E2 /* Debug */ = {
			isa = XCBuildConfiguration;
			buildSettings = {
				ALWAYS_EMBED_SWIFT_STANDARD_LIBRARIES = YES;
				BUNDLE_LOADER = "$(TEST_HOST)";
				CODE_SIGN_IDENTITY = "Apple Development";
				CODE_SIGN_STYLE = Automatic;
				COMBINE_HIDPI_IMAGES = YES;
				DEVELOPMENT_TEAM = HKE973VLUW;
				INFOPLIST_FILE = "Unit Tests/Info.plist";
				LD_RUNPATH_SEARCH_PATHS = (
					"$(inherited)",
					"@executable_path/../Frameworks",
					"@loader_path/../Frameworks",
				);
				MACOSX_DEPLOYMENT_TARGET = 10.15;
				PRODUCT_BUNDLE_IDENTIFIER = com.duckduckgo.macos.browser.DuckDuckGoTests;
				PRODUCT_NAME = "$(TARGET_NAME)";
				SWIFT_VERSION = 5.0;
				TEST_HOST = "$(BUILT_PRODUCTS_DIR)/DuckDuckGo Privacy Browser.app/Contents/MacOS/DuckDuckGo Privacy Browser";
			};
			name = Debug;
		};
		AA585DA9248FD31500E9A3E2 /* Release */ = {
			isa = XCBuildConfiguration;
			buildSettings = {
				ALWAYS_EMBED_SWIFT_STANDARD_LIBRARIES = YES;
				BUNDLE_LOADER = "$(TEST_HOST)";
				CODE_SIGN_IDENTITY = "Apple Development";
				CODE_SIGN_STYLE = Automatic;
				COMBINE_HIDPI_IMAGES = YES;
				DEVELOPMENT_TEAM = HKE973VLUW;
				INFOPLIST_FILE = "Unit Tests/Info.plist";
				LD_RUNPATH_SEARCH_PATHS = (
					"$(inherited)",
					"@executable_path/../Frameworks",
					"@loader_path/../Frameworks",
				);
				MACOSX_DEPLOYMENT_TARGET = 10.15;
				PRODUCT_BUNDLE_IDENTIFIER = com.duckduckgo.macos.browser.DuckDuckGoTests;
				PRODUCT_NAME = "$(TARGET_NAME)";
				SWIFT_VERSION = 5.0;
				TEST_HOST = "$(BUILT_PRODUCTS_DIR)/DuckDuckGo Privacy Browser.app/Contents/MacOS/DuckDuckGo Privacy Browser";
			};
			name = Release;
		};
		AA585DAB248FD31500E9A3E2 /* Debug */ = {
			isa = XCBuildConfiguration;
			buildSettings = {
				ALWAYS_EMBED_SWIFT_STANDARD_LIBRARIES = YES;
				CODE_SIGN_IDENTITY = "Apple Development";
				CODE_SIGN_STYLE = Automatic;
				COMBINE_HIDPI_IMAGES = YES;
				DEVELOPMENT_TEAM = HKE973VLUW;
				INFOPLIST_FILE = DuckDuckGoUITests/Info.plist;
				LD_RUNPATH_SEARCH_PATHS = (
					"$(inherited)",
					"@executable_path/../Frameworks",
					"@loader_path/../Frameworks",
				);
				PRODUCT_BUNDLE_IDENTIFIER = com.duckduckgo.macos.browser.DuckDuckGoUITests;
				PRODUCT_NAME = "$(TARGET_NAME)";
				PROVISIONING_PROFILE = "";
				SWIFT_VERSION = 5.0;
				TEST_TARGET_NAME = "DuckDuckGo Privacy Browser";
			};
			name = Debug;
		};
		AA585DAC248FD31500E9A3E2 /* Release */ = {
			isa = XCBuildConfiguration;
			buildSettings = {
				ALWAYS_EMBED_SWIFT_STANDARD_LIBRARIES = YES;
				CODE_SIGN_IDENTITY = "Apple Development";
				CODE_SIGN_STYLE = Automatic;
				COMBINE_HIDPI_IMAGES = YES;
				DEVELOPMENT_TEAM = HKE973VLUW;
				INFOPLIST_FILE = DuckDuckGoUITests/Info.plist;
				LD_RUNPATH_SEARCH_PATHS = (
					"$(inherited)",
					"@executable_path/../Frameworks",
					"@loader_path/../Frameworks",
				);
				PRODUCT_BUNDLE_IDENTIFIER = com.duckduckgo.macos.browser.DuckDuckGoUITests;
				PRODUCT_NAME = "$(TARGET_NAME)";
				PROVISIONING_PROFILE = "";
				SWIFT_VERSION = 5.0;
				TEST_TARGET_NAME = "DuckDuckGo Privacy Browser";
			};
			name = Release;
		};
/* End XCBuildConfiguration section */

/* Begin XCConfigurationList section */
		AA585D79248FD31100E9A3E2 /* Build configuration list for PBXProject "DuckDuckGo" */ = {
			isa = XCConfigurationList;
			buildConfigurations = (
				AA585DA2248FD31500E9A3E2 /* Debug */,
				AA585DA3248FD31500E9A3E2 /* Release */,
			);
			defaultConfigurationIsVisible = 0;
			defaultConfigurationName = Release;
		};
		AA585DA4248FD31500E9A3E2 /* Build configuration list for PBXNativeTarget "DuckDuckGo Privacy Browser" */ = {
			isa = XCConfigurationList;
			buildConfigurations = (
				AA585DA5248FD31500E9A3E2 /* Debug */,
				AA585DA6248FD31500E9A3E2 /* Release */,
			);
			defaultConfigurationIsVisible = 0;
			defaultConfigurationName = Release;
		};
		AA585DA7248FD31500E9A3E2 /* Build configuration list for PBXNativeTarget "Unit Tests" */ = {
			isa = XCConfigurationList;
			buildConfigurations = (
				AA585DA8248FD31500E9A3E2 /* Debug */,
				AA585DA9248FD31500E9A3E2 /* Release */,
			);
			defaultConfigurationIsVisible = 0;
			defaultConfigurationName = Release;
		};
		AA585DAA248FD31500E9A3E2 /* Build configuration list for PBXNativeTarget "UI Tests" */ = {
			isa = XCConfigurationList;
			buildConfigurations = (
				AA585DAB248FD31500E9A3E2 /* Debug */,
				AA585DAC248FD31500E9A3E2 /* Release */,
			);
			defaultConfigurationIsVisible = 0;
			defaultConfigurationName = Release;
		};
/* End XCConfigurationList section */

/* Begin XCVersionGroup section */
		AA23DA7424B25EC2006F262F /* DataModel.xcdatamodeld */ = {
			isa = XCVersionGroup;
			children = (
				AA23DA7524B25EC2006F262F /* DataModel.xcdatamodel */,
			);
			currentVersion = AA23DA7524B25EC2006F262F /* DataModel.xcdatamodel */;
			path = DataModel.xcdatamodeld;
			sourceTree = "<group>";
			versionGroupType = wrapper.xcdatamodel;
		};
/* End XCVersionGroup section */
	};
	rootObject = AA585D76248FD31100E9A3E2 /* Project object */;
}
