// !$*UTF8*$!
{
	archiveVersion = 1;
	classes = {
	};
	objectVersion = 56;
	objects = {

/* Begin PBXBuildFile section */
		7B5562D12B73910800FCB13F /* VPNtvOS in Frameworks */ = {isa = PBXBuildFile; productRef = 7B5562D02B73910800FCB13F /* VPNtvOS */; };
		7B5562D32B7393D600FCB13F /* BrowserServicesKit in Frameworks */ = {isa = PBXBuildFile; productRef = 7B5562D22B7393D600FCB13F /* BrowserServicesKit */; };
		7B8B37622B72E9FF00182393 /* DuckDuckGoVPN_tvOSTests.swift in Sources */ = {isa = PBXBuildFile; fileRef = 7B8B37612B72E9FF00182393 /* DuckDuckGoVPN_tvOSTests.swift */; };
		7B8B376C2B72E9FF00182393 /* DuckDuckGoVPN_tvOSUITests.swift in Sources */ = {isa = PBXBuildFile; fileRef = 7B8B376B2B72E9FF00182393 /* DuckDuckGoVPN_tvOSUITests.swift */; };
		7B8B376E2B72E9FF00182393 /* DuckDuckGoVPN_tvOSUITestsLaunchTests.swift in Sources */ = {isa = PBXBuildFile; fileRef = 7B8B376D2B72E9FF00182393 /* DuckDuckGoVPN_tvOSUITestsLaunchTests.swift */; };
		7B8B37862B73882300182393 /* Assets.xcassets in Resources */ = {isa = PBXBuildFile; fileRef = 7B8B37812B73882300182393 /* Assets.xcassets */; };
		7B8B37872B73882300182393 /* Preview Assets.xcassets in Resources */ = {isa = PBXBuildFile; fileRef = 7B8B37832B73882300182393 /* Preview Assets.xcassets */; };
		7B8B378D2B73883800182393 /* Item.swift in Sources */ = {isa = PBXBuildFile; fileRef = 7B8B378A2B73883800182393 /* Item.swift */; };
		7B8B378E2B73883800182393 /* DuckDuckGoVPN_tvOSApp.swift in Sources */ = {isa = PBXBuildFile; fileRef = 7B8B378B2B73883800182393 /* DuckDuckGoVPN_tvOSApp.swift */; };
		7B8B378F2B73883800182393 /* ContentView.swift in Sources */ = {isa = PBXBuildFile; fileRef = 7B8B378C2B73883800182393 /* ContentView.swift */; };
/* End PBXBuildFile section */

/* Begin PBXContainerItemProxy section */
		7B8B375E2B72E9FF00182393 /* PBXContainerItemProxy */ = {
			isa = PBXContainerItemProxy;
			containerPortal = 7B8B37412B72E9FE00182393 /* Project object */;
			proxyType = 1;
			remoteGlobalIDString = 7B8B37482B72E9FF00182393;
			remoteInfo = DuckDuckGoVPN_tvOS;
		};
		7B8B37682B72E9FF00182393 /* PBXContainerItemProxy */ = {
			isa = PBXContainerItemProxy;
			containerPortal = 7B8B37412B72E9FE00182393 /* Project object */;
			proxyType = 1;
			remoteGlobalIDString = 7B8B37482B72E9FF00182393;
			remoteInfo = DuckDuckGoVPN_tvOS;
		};
/* End PBXContainerItemProxy section */

/* Begin PBXFileReference section */
		7B8B37492B72E9FF00182393 /* DuckDuckGo VPN Debug.app */ = {isa = PBXFileReference; explicitFileType = wrapper.application; includeInIndex = 0; path = "DuckDuckGo VPN Debug.app"; sourceTree = BUILT_PRODUCTS_DIR; };
		7B8B375D2B72E9FF00182393 /* DuckDuckGoVPN_tvOSTests.xctest */ = {isa = PBXFileReference; explicitFileType = wrapper.cfbundle; includeInIndex = 0; path = DuckDuckGoVPN_tvOSTests.xctest; sourceTree = BUILT_PRODUCTS_DIR; };
		7B8B37612B72E9FF00182393 /* DuckDuckGoVPN_tvOSTests.swift */ = {isa = PBXFileReference; lastKnownFileType = sourcecode.swift; path = DuckDuckGoVPN_tvOSTests.swift; sourceTree = "<group>"; };
		7B8B37672B72E9FF00182393 /* DuckDuckGoVPN_tvOSUITests.xctest */ = {isa = PBXFileReference; explicitFileType = wrapper.cfbundle; includeInIndex = 0; path = DuckDuckGoVPN_tvOSUITests.xctest; sourceTree = BUILT_PRODUCTS_DIR; };
		7B8B376B2B72E9FF00182393 /* DuckDuckGoVPN_tvOSUITests.swift */ = {isa = PBXFileReference; lastKnownFileType = sourcecode.swift; path = DuckDuckGoVPN_tvOSUITests.swift; sourceTree = "<group>"; };
		7B8B376D2B72E9FF00182393 /* DuckDuckGoVPN_tvOSUITestsLaunchTests.swift */ = {isa = PBXFileReference; lastKnownFileType = sourcecode.swift; path = DuckDuckGoVPN_tvOSUITestsLaunchTests.swift; sourceTree = "<group>"; };
		7B8B377F2B73870B00182393 /* VPNtvOS */ = {isa = PBXFileReference; lastKnownFileType = wrapper; path = VPNtvOS; sourceTree = "<group>"; };
		7B8B37812B73882300182393 /* Assets.xcassets */ = {isa = PBXFileReference; lastKnownFileType = folder.assetcatalog; path = Assets.xcassets; sourceTree = "<group>"; };
		7B8B37832B73882300182393 /* Preview Assets.xcassets */ = {isa = PBXFileReference; lastKnownFileType = folder.assetcatalog; path = "Preview Assets.xcassets"; sourceTree = "<group>"; };
		7B8B378A2B73883800182393 /* Item.swift */ = {isa = PBXFileReference; fileEncoding = 4; lastKnownFileType = sourcecode.swift; path = Item.swift; sourceTree = "<group>"; };
		7B8B378B2B73883800182393 /* DuckDuckGoVPN_tvOSApp.swift */ = {isa = PBXFileReference; fileEncoding = 4; lastKnownFileType = sourcecode.swift; path = DuckDuckGoVPN_tvOSApp.swift; sourceTree = "<group>"; };
		7B8B378C2B73883800182393 /* ContentView.swift */ = {isa = PBXFileReference; fileEncoding = 4; lastKnownFileType = sourcecode.swift; path = ContentView.swift; sourceTree = "<group>"; };
		7B8B37982B7389B700182393 /* DuckDuckGoVPN.xcconfig */ = {isa = PBXFileReference; lastKnownFileType = text.xcconfig; path = DuckDuckGoVPN.xcconfig; sourceTree = "<group>"; };
		7B8B379A2B738A8F00182393 /* Info.plist */ = {isa = PBXFileReference; fileEncoding = 4; lastKnownFileType = text.plist.xml; path = Info.plist; sourceTree = "<group>"; };
		7B8B379C2B738A8F00182393 /* DuckDuckGoVPN_tvOS.release.entitlements */ = {isa = PBXFileReference; fileEncoding = 4; lastKnownFileType = text.plist.entitlements; path = DuckDuckGoVPN_tvOS.release.entitlements; sourceTree = "<group>"; };
		7B8B379D2B738A8F00182393 /* DuckDuckGoVPN_tvOS.debug.entitlements */ = {isa = PBXFileReference; fileEncoding = 4; lastKnownFileType = text.plist.entitlements; path = DuckDuckGoVPN_tvOS.debug.entitlements; sourceTree = "<group>"; };
/* End PBXFileReference section */

/* Begin PBXFrameworksBuildPhase section */
		7B8B37462B72E9FF00182393 /* Frameworks */ = {
			isa = PBXFrameworksBuildPhase;
			buildActionMask = 2147483647;
			files = (
				7B5562D32B7393D600FCB13F /* BrowserServicesKit in Frameworks */,
				7B5562D12B73910800FCB13F /* VPNtvOS in Frameworks */,
			);
			runOnlyForDeploymentPostprocessing = 0;
		};
		7B8B375A2B72E9FF00182393 /* Frameworks */ = {
			isa = PBXFrameworksBuildPhase;
			buildActionMask = 2147483647;
			files = (
			);
			runOnlyForDeploymentPostprocessing = 0;
		};
		7B8B37642B72E9FF00182393 /* Frameworks */ = {
			isa = PBXFrameworksBuildPhase;
			buildActionMask = 2147483647;
			files = (
			);
			runOnlyForDeploymentPostprocessing = 0;
		};
/* End PBXFrameworksBuildPhase section */

/* Begin PBXGroup section */
		7B5562CF2B73910800FCB13F /* Frameworks */ = {
			isa = PBXGroup;
			children = (
			);
			name = Frameworks;
			sourceTree = "<group>";
		};
		7B8B37402B72E9FE00182393 = {
			isa = PBXGroup;
			children = (
				7B8B374B2B72E9FF00182393 /* DuckDuckGoVPN_tvOS */,
				7B8B37602B72E9FF00182393 /* DuckDuckGoVPN_tvOSTests */,
				7B8B376A2B72E9FF00182393 /* DuckDuckGoVPN_tvOSUITests */,
				7B8B374A2B72E9FF00182393 /* Products */,
				7B5562CF2B73910800FCB13F /* Frameworks */,
			);
			sourceTree = "<group>";
		};
		7B8B374A2B72E9FF00182393 /* Products */ = {
			isa = PBXGroup;
			children = (
				7B8B37492B72E9FF00182393 /* DuckDuckGo VPN Debug.app */,
				7B8B375D2B72E9FF00182393 /* DuckDuckGoVPN_tvOSTests.xctest */,
				7B8B37672B72E9FF00182393 /* DuckDuckGoVPN_tvOSUITests.xctest */,
			);
			name = Products;
			sourceTree = "<group>";
		};
		7B8B374B2B72E9FF00182393 /* DuckDuckGoVPN_tvOS */ = {
			isa = PBXGroup;
			children = (
				7B8B37942B73891000182393 /* Configuration */,
				7B8B377A2B72EAAE00182393 /* LocalPackages */,
				7B8B37802B73882300182393 /* Resources */,
				7B8B37892B73883800182393 /* Sources */,
			);
			path = DuckDuckGoVPN_tvOS;
			sourceTree = "<group>";
		};
		7B8B37602B72E9FF00182393 /* DuckDuckGoVPN_tvOSTests */ = {
			isa = PBXGroup;
			children = (
				7B8B37612B72E9FF00182393 /* DuckDuckGoVPN_tvOSTests.swift */,
			);
			path = DuckDuckGoVPN_tvOSTests;
			sourceTree = "<group>";
		};
		7B8B376A2B72E9FF00182393 /* DuckDuckGoVPN_tvOSUITests */ = {
			isa = PBXGroup;
			children = (
				7B8B376B2B72E9FF00182393 /* DuckDuckGoVPN_tvOSUITests.swift */,
				7B8B376D2B72E9FF00182393 /* DuckDuckGoVPN_tvOSUITestsLaunchTests.swift */,
			);
			path = DuckDuckGoVPN_tvOSUITests;
			sourceTree = "<group>";
		};
		7B8B377A2B72EAAE00182393 /* LocalPackages */ = {
			isa = PBXGroup;
			children = (
				7B8B377F2B73870B00182393 /* VPNtvOS */,
			);
			path = LocalPackages;
			sourceTree = "<group>";
		};
		7B8B37802B73882300182393 /* Resources */ = {
			isa = PBXGroup;
			children = (
				7B8B37812B73882300182393 /* Assets.xcassets */,
				7B8B37822B73882300182393 /* PreviewContent */,
			);
			path = Resources;
			sourceTree = "<group>";
		};
		7B8B37822B73882300182393 /* PreviewContent */ = {
			isa = PBXGroup;
			children = (
				7B8B37832B73882300182393 /* Preview Assets.xcassets */,
			);
			path = PreviewContent;
			sourceTree = "<group>";
		};
		7B8B37892B73883800182393 /* Sources */ = {
			isa = PBXGroup;
			children = (
				7B8B378A2B73883800182393 /* Item.swift */,
				7B8B378B2B73883800182393 /* DuckDuckGoVPN_tvOSApp.swift */,
				7B8B378C2B73883800182393 /* ContentView.swift */,
			);
			path = Sources;
			sourceTree = "<group>";
		};
		7B8B37942B73891000182393 /* Configuration */ = {
			isa = PBXGroup;
			children = (
				7B8B379B2B738A8F00182393 /* Entitlements */,
				7B8B37992B738A8F00182393 /* InfoPlist */,
				7B8B37982B7389B700182393 /* DuckDuckGoVPN.xcconfig */,
			);
			path = Configuration;
			sourceTree = "<group>";
		};
		7B8B37992B738A8F00182393 /* InfoPlist */ = {
			isa = PBXGroup;
			children = (
				7B8B379A2B738A8F00182393 /* Info.plist */,
			);
			path = InfoPlist;
			sourceTree = "<group>";
		};
		7B8B379B2B738A8F00182393 /* Entitlements */ = {
			isa = PBXGroup;
			children = (
				7B8B379C2B738A8F00182393 /* DuckDuckGoVPN_tvOS.release.entitlements */,
				7B8B379D2B738A8F00182393 /* DuckDuckGoVPN_tvOS.debug.entitlements */,
			);
			path = Entitlements;
			sourceTree = "<group>";
		};
/* End PBXGroup section */

/* Begin PBXNativeTarget section */
		7B8B37482B72E9FF00182393 /* DuckDuckGoVPN_tvOS */ = {
			isa = PBXNativeTarget;
			buildConfigurationList = 7B8B37712B72E9FF00182393 /* Build configuration list for PBXNativeTarget "DuckDuckGoVPN_tvOS" */;
			buildPhases = (
				7B8B37452B72E9FF00182393 /* Sources */,
				7B8B37462B72E9FF00182393 /* Frameworks */,
				7B8B37472B72E9FF00182393 /* Resources */,
			);
			buildRules = (
			);
			dependencies = (
			);
			name = DuckDuckGoVPN_tvOS;
			packageProductDependencies = (
				7B5562D02B73910800FCB13F /* VPNtvOS */,
				7B5562D22B7393D600FCB13F /* BrowserServicesKit */,
			);
			productName = DuckDuckGoVPN_tvOS;
			productReference = 7B8B37492B72E9FF00182393 /* DuckDuckGo VPN Debug.app */;
			productType = "com.apple.product-type.application";
		};
		7B8B375C2B72E9FF00182393 /* DuckDuckGoVPN_tvOSTests */ = {
			isa = PBXNativeTarget;
			buildConfigurationList = 7B8B37742B72E9FF00182393 /* Build configuration list for PBXNativeTarget "DuckDuckGoVPN_tvOSTests" */;
			buildPhases = (
				7B8B37592B72E9FF00182393 /* Sources */,
				7B8B375A2B72E9FF00182393 /* Frameworks */,
				7B8B375B2B72E9FF00182393 /* Resources */,
			);
			buildRules = (
			);
			dependencies = (
				7B8B375F2B72E9FF00182393 /* PBXTargetDependency */,
			);
			name = DuckDuckGoVPN_tvOSTests;
			productName = DuckDuckGoVPN_tvOSTests;
			productReference = 7B8B375D2B72E9FF00182393 /* DuckDuckGoVPN_tvOSTests.xctest */;
			productType = "com.apple.product-type.bundle.unit-test";
		};
		7B8B37662B72E9FF00182393 /* DuckDuckGoVPN_tvOSUITests */ = {
			isa = PBXNativeTarget;
			buildConfigurationList = 7B8B37772B72E9FF00182393 /* Build configuration list for PBXNativeTarget "DuckDuckGoVPN_tvOSUITests" */;
			buildPhases = (
				7B8B37632B72E9FF00182393 /* Sources */,
				7B8B37642B72E9FF00182393 /* Frameworks */,
				7B8B37652B72E9FF00182393 /* Resources */,
			);
			buildRules = (
			);
			dependencies = (
				7B8B37692B72E9FF00182393 /* PBXTargetDependency */,
			);
			name = DuckDuckGoVPN_tvOSUITests;
			productName = DuckDuckGoVPN_tvOSUITests;
			productReference = 7B8B37672B72E9FF00182393 /* DuckDuckGoVPN_tvOSUITests.xctest */;
			productType = "com.apple.product-type.bundle.ui-testing";
		};
/* End PBXNativeTarget section */

/* Begin PBXProject section */
		7B8B37412B72E9FE00182393 /* Project object */ = {
			isa = PBXProject;
			attributes = {
				BuildIndependentTargetsInParallel = 1;
				LastSwiftUpdateCheck = 1510;
				LastUpgradeCheck = 1510;
				TargetAttributes = {
					7B8B37482B72E9FF00182393 = {
						CreatedOnToolsVersion = 15.1;
					};
					7B8B375C2B72E9FF00182393 = {
						CreatedOnToolsVersion = 15.1;
						TestTargetID = 7B8B37482B72E9FF00182393;
					};
					7B8B37662B72E9FF00182393 = {
						CreatedOnToolsVersion = 15.1;
						TestTargetID = 7B8B37482B72E9FF00182393;
					};
				};
			};
			buildConfigurationList = 7B8B37442B72E9FE00182393 /* Build configuration list for PBXProject "DuckDuckGoVPN_tvOS" */;
			compatibilityVersion = "Xcode 14.0";
			developmentRegion = en;
			hasScannedForEncodings = 0;
			knownRegions = (
				en,
				Base,
			);
			mainGroup = 7B8B37402B72E9FE00182393;
			packageReferences = (
				7B8B377E2B73866200182393 /* XCRemoteSwiftPackageReference "BrowserServicesKit" */,
			);
			productRefGroup = 7B8B374A2B72E9FF00182393 /* Products */;
			projectDirPath = "";
			projectRoot = "";
			targets = (
				7B8B37482B72E9FF00182393 /* DuckDuckGoVPN_tvOS */,
				7B8B375C2B72E9FF00182393 /* DuckDuckGoVPN_tvOSTests */,
				7B8B37662B72E9FF00182393 /* DuckDuckGoVPN_tvOSUITests */,
			);
		};
/* End PBXProject section */

/* Begin PBXResourcesBuildPhase section */
		7B8B37472B72E9FF00182393 /* Resources */ = {
			isa = PBXResourcesBuildPhase;
			buildActionMask = 2147483647;
			files = (
				7B8B37872B73882300182393 /* Preview Assets.xcassets in Resources */,
				7B8B37862B73882300182393 /* Assets.xcassets in Resources */,
			);
			runOnlyForDeploymentPostprocessing = 0;
		};
		7B8B375B2B72E9FF00182393 /* Resources */ = {
			isa = PBXResourcesBuildPhase;
			buildActionMask = 2147483647;
			files = (
			);
			runOnlyForDeploymentPostprocessing = 0;
		};
		7B8B37652B72E9FF00182393 /* Resources */ = {
			isa = PBXResourcesBuildPhase;
			buildActionMask = 2147483647;
			files = (
			);
			runOnlyForDeploymentPostprocessing = 0;
		};
/* End PBXResourcesBuildPhase section */

/* Begin PBXSourcesBuildPhase section */
		7B8B37452B72E9FF00182393 /* Sources */ = {
			isa = PBXSourcesBuildPhase;
			buildActionMask = 2147483647;
			files = (
				7B8B378D2B73883800182393 /* Item.swift in Sources */,
				7B8B378F2B73883800182393 /* ContentView.swift in Sources */,
				7B8B378E2B73883800182393 /* DuckDuckGoVPN_tvOSApp.swift in Sources */,
			);
			runOnlyForDeploymentPostprocessing = 0;
		};
		7B8B37592B72E9FF00182393 /* Sources */ = {
			isa = PBXSourcesBuildPhase;
			buildActionMask = 2147483647;
			files = (
				7B8B37622B72E9FF00182393 /* DuckDuckGoVPN_tvOSTests.swift in Sources */,
			);
			runOnlyForDeploymentPostprocessing = 0;
		};
		7B8B37632B72E9FF00182393 /* Sources */ = {
			isa = PBXSourcesBuildPhase;
			buildActionMask = 2147483647;
			files = (
				7B8B376C2B72E9FF00182393 /* DuckDuckGoVPN_tvOSUITests.swift in Sources */,
				7B8B376E2B72E9FF00182393 /* DuckDuckGoVPN_tvOSUITestsLaunchTests.swift in Sources */,
			);
			runOnlyForDeploymentPostprocessing = 0;
		};
/* End PBXSourcesBuildPhase section */

/* Begin PBXTargetDependency section */
		7B8B375F2B72E9FF00182393 /* PBXTargetDependency */ = {
			isa = PBXTargetDependency;
			target = 7B8B37482B72E9FF00182393 /* DuckDuckGoVPN_tvOS */;
			targetProxy = 7B8B375E2B72E9FF00182393 /* PBXContainerItemProxy */;
		};
		7B8B37692B72E9FF00182393 /* PBXTargetDependency */ = {
			isa = PBXTargetDependency;
			target = 7B8B37482B72E9FF00182393 /* DuckDuckGoVPN_tvOS */;
			targetProxy = 7B8B37682B72E9FF00182393 /* PBXContainerItemProxy */;
		};
/* End PBXTargetDependency section */

/* Begin XCBuildConfiguration section */
		7B8B376F2B72E9FF00182393 /* Debug */ = {
			isa = XCBuildConfiguration;
			buildSettings = {
				ALWAYS_SEARCH_USER_PATHS = NO;
				ASSETCATALOG_COMPILER_GENERATE_SWIFT_ASSET_SYMBOL_EXTENSIONS = YES;
				CLANG_ANALYZER_NONNULL = YES;
				CLANG_ANALYZER_NUMBER_OBJECT_CONVERSION = YES_AGGRESSIVE;
				CLANG_CXX_LANGUAGE_STANDARD = "gnu++20";
				CLANG_ENABLE_MODULES = YES;
				CLANG_ENABLE_OBJC_ARC = YES;
				CLANG_ENABLE_OBJC_WEAK = YES;
				CLANG_WARN_BLOCK_CAPTURE_AUTORELEASING = YES;
				CLANG_WARN_BOOL_CONVERSION = YES;
				CLANG_WARN_COMMA = YES;
				CLANG_WARN_CONSTANT_CONVERSION = YES;
				CLANG_WARN_DEPRECATED_OBJC_IMPLEMENTATIONS = YES;
				CLANG_WARN_DIRECT_OBJC_ISA_USAGE = YES_ERROR;
				CLANG_WARN_DOCUMENTATION_COMMENTS = YES;
				CLANG_WARN_EMPTY_BODY = YES;
				CLANG_WARN_ENUM_CONVERSION = YES;
				CLANG_WARN_INFINITE_RECURSION = YES;
				CLANG_WARN_INT_CONVERSION = YES;
				CLANG_WARN_NON_LITERAL_NULL_CONVERSION = YES;
				CLANG_WARN_OBJC_IMPLICIT_RETAIN_SELF = YES;
				CLANG_WARN_OBJC_LITERAL_CONVERSION = YES;
				CLANG_WARN_OBJC_ROOT_CLASS = YES_ERROR;
				CLANG_WARN_QUOTED_INCLUDE_IN_FRAMEWORK_HEADER = YES;
				CLANG_WARN_RANGE_LOOP_ANALYSIS = YES;
				CLANG_WARN_STRICT_PROTOTYPES = YES;
				CLANG_WARN_SUSPICIOUS_MOVE = YES;
				CLANG_WARN_UNGUARDED_AVAILABILITY = YES_AGGRESSIVE;
				CLANG_WARN_UNREACHABLE_CODE = YES;
				CLANG_WARN__DUPLICATE_METHOD_MATCH = YES;
				COPY_PHASE_STRIP = NO;
				DEBUG_INFORMATION_FORMAT = dwarf;
				ENABLE_STRICT_OBJC_MSGSEND = YES;
				ENABLE_TESTABILITY = YES;
				ENABLE_USER_SCRIPT_SANDBOXING = YES;
				GCC_C_LANGUAGE_STANDARD = gnu17;
				GCC_DYNAMIC_NO_PIC = NO;
				GCC_NO_COMMON_BLOCKS = YES;
				GCC_OPTIMIZATION_LEVEL = 0;
				GCC_PREPROCESSOR_DEFINITIONS = (
					"DEBUG=1",
					"$(inherited)",
				);
				GCC_WARN_64_TO_32_BIT_CONVERSION = YES;
				GCC_WARN_ABOUT_RETURN_TYPE = YES_ERROR;
				GCC_WARN_UNDECLARED_SELECTOR = YES;
				GCC_WARN_UNINITIALIZED_AUTOS = YES_AGGRESSIVE;
				GCC_WARN_UNUSED_FUNCTION = YES;
				GCC_WARN_UNUSED_VARIABLE = YES;
				LOCALIZATION_PREFERS_STRING_CATALOGS = YES;
				MTL_ENABLE_DEBUG_INFO = INCLUDE_SOURCE;
				MTL_FAST_MATH = YES;
				ONLY_ACTIVE_ARCH = YES;
				SDKROOT = appletvos;
				SWIFT_ACTIVE_COMPILATION_CONDITIONS = "DEBUG $(inherited)";
				SWIFT_OPTIMIZATION_LEVEL = "-Onone";
				TVOS_DEPLOYMENT_TARGET = 17.2;
			};
			name = Debug;
		};
		7B8B37702B72E9FF00182393 /* Release */ = {
			isa = XCBuildConfiguration;
			buildSettings = {
				ALWAYS_SEARCH_USER_PATHS = NO;
				ASSETCATALOG_COMPILER_GENERATE_SWIFT_ASSET_SYMBOL_EXTENSIONS = YES;
				CLANG_ANALYZER_NONNULL = YES;
				CLANG_ANALYZER_NUMBER_OBJECT_CONVERSION = YES_AGGRESSIVE;
				CLANG_CXX_LANGUAGE_STANDARD = "gnu++20";
				CLANG_ENABLE_MODULES = YES;
				CLANG_ENABLE_OBJC_ARC = YES;
				CLANG_ENABLE_OBJC_WEAK = YES;
				CLANG_WARN_BLOCK_CAPTURE_AUTORELEASING = YES;
				CLANG_WARN_BOOL_CONVERSION = YES;
				CLANG_WARN_COMMA = YES;
				CLANG_WARN_CONSTANT_CONVERSION = YES;
				CLANG_WARN_DEPRECATED_OBJC_IMPLEMENTATIONS = YES;
				CLANG_WARN_DIRECT_OBJC_ISA_USAGE = YES_ERROR;
				CLANG_WARN_DOCUMENTATION_COMMENTS = YES;
				CLANG_WARN_EMPTY_BODY = YES;
				CLANG_WARN_ENUM_CONVERSION = YES;
				CLANG_WARN_INFINITE_RECURSION = YES;
				CLANG_WARN_INT_CONVERSION = YES;
				CLANG_WARN_NON_LITERAL_NULL_CONVERSION = YES;
				CLANG_WARN_OBJC_IMPLICIT_RETAIN_SELF = YES;
				CLANG_WARN_OBJC_LITERAL_CONVERSION = YES;
				CLANG_WARN_OBJC_ROOT_CLASS = YES_ERROR;
				CLANG_WARN_QUOTED_INCLUDE_IN_FRAMEWORK_HEADER = YES;
				CLANG_WARN_RANGE_LOOP_ANALYSIS = YES;
				CLANG_WARN_STRICT_PROTOTYPES = YES;
				CLANG_WARN_SUSPICIOUS_MOVE = YES;
				CLANG_WARN_UNGUARDED_AVAILABILITY = YES_AGGRESSIVE;
				CLANG_WARN_UNREACHABLE_CODE = YES;
				CLANG_WARN__DUPLICATE_METHOD_MATCH = YES;
				COPY_PHASE_STRIP = NO;
				DEBUG_INFORMATION_FORMAT = "dwarf-with-dsym";
				ENABLE_NS_ASSERTIONS = NO;
				ENABLE_STRICT_OBJC_MSGSEND = YES;
				ENABLE_USER_SCRIPT_SANDBOXING = YES;
				GCC_C_LANGUAGE_STANDARD = gnu17;
				GCC_NO_COMMON_BLOCKS = YES;
				GCC_WARN_64_TO_32_BIT_CONVERSION = YES;
				GCC_WARN_ABOUT_RETURN_TYPE = YES_ERROR;
				GCC_WARN_UNDECLARED_SELECTOR = YES;
				GCC_WARN_UNINITIALIZED_AUTOS = YES_AGGRESSIVE;
				GCC_WARN_UNUSED_FUNCTION = YES;
				GCC_WARN_UNUSED_VARIABLE = YES;
				LOCALIZATION_PREFERS_STRING_CATALOGS = YES;
				MTL_ENABLE_DEBUG_INFO = NO;
				MTL_FAST_MATH = YES;
				SDKROOT = appletvos;
				SWIFT_COMPILATION_MODE = wholemodule;
				TVOS_DEPLOYMENT_TARGET = 17.2;
				VALIDATE_PRODUCT = YES;
			};
			name = Release;
		};
		7B8B37722B72E9FF00182393 /* Debug */ = {
			isa = XCBuildConfiguration;
			baseConfigurationReference = 7B8B37982B7389B700182393 /* DuckDuckGoVPN.xcconfig */;
			buildSettings = {
				ASSETCATALOG_COMPILER_APPICON_NAME = "App Icon & Top Shelf Image";
				ASSETCATALOG_COMPILER_GLOBAL_ACCENT_COLOR_NAME = AccentColor;
				CODE_SIGN_STYLE = Automatic;
				CURRENT_PROJECT_VERSION = 1;
				DEVELOPMENT_TEAM = HKE973VLUW;
				ENABLE_PREVIEWS = YES;
				GENERATE_INFOPLIST_FILE = YES;
				INFOPLIST_KEY_UILaunchScreen_Generation = YES;
				INFOPLIST_KEY_UIUserInterfaceStyle = Automatic;
				LD_RUNPATH_SEARCH_PATHS = (
					"$(inherited)",
					"@executable_path/Frameworks",
				);
				MARKETING_VERSION = 1.0;
				SWIFT_EMIT_LOC_STRINGS = YES;
				SWIFT_VERSION = 5.0;
				TARGETED_DEVICE_FAMILY = 3;
			};
			name = Debug;
		};
		7B8B37732B72E9FF00182393 /* Release */ = {
			isa = XCBuildConfiguration;
			baseConfigurationReference = 7B8B37982B7389B700182393 /* DuckDuckGoVPN.xcconfig */;
			buildSettings = {
				ASSETCATALOG_COMPILER_APPICON_NAME = "App Icon & Top Shelf Image";
				ASSETCATALOG_COMPILER_GLOBAL_ACCENT_COLOR_NAME = AccentColor;
				CODE_SIGN_STYLE = Automatic;
				CURRENT_PROJECT_VERSION = 1;
				DEVELOPMENT_TEAM = HKE973VLUW;
				ENABLE_PREVIEWS = YES;
				GENERATE_INFOPLIST_FILE = YES;
				INFOPLIST_KEY_UILaunchScreen_Generation = YES;
				INFOPLIST_KEY_UIUserInterfaceStyle = Automatic;
				LD_RUNPATH_SEARCH_PATHS = (
					"$(inherited)",
					"@executable_path/Frameworks",
				);
				MARKETING_VERSION = 1.0;
				SWIFT_EMIT_LOC_STRINGS = YES;
				SWIFT_VERSION = 5.0;
				TARGETED_DEVICE_FAMILY = 3;
			};
			name = Release;
		};
		7B8B37752B72E9FF00182393 /* Debug */ = {
			isa = XCBuildConfiguration;
			buildSettings = {
				ALWAYS_EMBED_SWIFT_STANDARD_LIBRARIES = YES;
				BUNDLE_LOADER = "$(TEST_HOST)";
				CODE_SIGN_STYLE = Automatic;
				CURRENT_PROJECT_VERSION = 1;
				DEVELOPMENT_TEAM = HKE973VLUW;
				GENERATE_INFOPLIST_FILE = YES;
				MARKETING_VERSION = 1.0;
				PRODUCT_BUNDLE_IDENTIFIER = "com.duckduckgo.tvos.vpn.DuckDuckGoVPN-tvOSTests";
				PRODUCT_NAME = "$(TARGET_NAME)";
				SWIFT_EMIT_LOC_STRINGS = NO;
				SWIFT_VERSION = 5.0;
				TARGETED_DEVICE_FAMILY = 3;
				TEST_HOST = "$(BUILT_PRODUCTS_DIR)/DuckDuckGoVPN_tvOS.app/$(BUNDLE_EXECUTABLE_FOLDER_PATH)/DuckDuckGoVPN_tvOS";
				TVOS_DEPLOYMENT_TARGET = 17.2;
			};
			name = Debug;
		};
		7B8B37762B72E9FF00182393 /* Release */ = {
			isa = XCBuildConfiguration;
			buildSettings = {
				ALWAYS_EMBED_SWIFT_STANDARD_LIBRARIES = YES;
				BUNDLE_LOADER = "$(TEST_HOST)";
				CODE_SIGN_STYLE = Automatic;
				CURRENT_PROJECT_VERSION = 1;
				DEVELOPMENT_TEAM = HKE973VLUW;
				GENERATE_INFOPLIST_FILE = YES;
				MARKETING_VERSION = 1.0;
				PRODUCT_BUNDLE_IDENTIFIER = "com.duckduckgo.tvos.vpn.DuckDuckGoVPN-tvOSTests";
				PRODUCT_NAME = "$(TARGET_NAME)";
				SWIFT_EMIT_LOC_STRINGS = NO;
				SWIFT_VERSION = 5.0;
				TARGETED_DEVICE_FAMILY = 3;
				TEST_HOST = "$(BUILT_PRODUCTS_DIR)/DuckDuckGoVPN_tvOS.app/$(BUNDLE_EXECUTABLE_FOLDER_PATH)/DuckDuckGoVPN_tvOS";
				TVOS_DEPLOYMENT_TARGET = 17.2;
			};
			name = Release;
		};
		7B8B37782B72E9FF00182393 /* Debug */ = {
			isa = XCBuildConfiguration;
			buildSettings = {
				ALWAYS_EMBED_SWIFT_STANDARD_LIBRARIES = YES;
				CODE_SIGN_STYLE = Automatic;
				CURRENT_PROJECT_VERSION = 1;
				DEVELOPMENT_TEAM = HKE973VLUW;
				GENERATE_INFOPLIST_FILE = YES;
				MARKETING_VERSION = 1.0;
				PRODUCT_BUNDLE_IDENTIFIER = "com.duckduckgo.tvos.vpn.DuckDuckGoVPN-tvOSUITests";
				PRODUCT_NAME = "$(TARGET_NAME)";
				SWIFT_EMIT_LOC_STRINGS = NO;
				SWIFT_VERSION = 5.0;
				TARGETED_DEVICE_FAMILY = 3;
				TEST_TARGET_NAME = DuckDuckGoVPN_tvOS;
			};
			name = Debug;
		};
		7B8B37792B72E9FF00182393 /* Release */ = {
			isa = XCBuildConfiguration;
			buildSettings = {
				ALWAYS_EMBED_SWIFT_STANDARD_LIBRARIES = YES;
				CODE_SIGN_STYLE = Automatic;
				CURRENT_PROJECT_VERSION = 1;
				DEVELOPMENT_TEAM = HKE973VLUW;
				GENERATE_INFOPLIST_FILE = YES;
				MARKETING_VERSION = 1.0;
				PRODUCT_BUNDLE_IDENTIFIER = "com.duckduckgo.tvos.vpn.DuckDuckGoVPN-tvOSUITests";
				PRODUCT_NAME = "$(TARGET_NAME)";
				SWIFT_EMIT_LOC_STRINGS = NO;
				SWIFT_VERSION = 5.0;
				TARGETED_DEVICE_FAMILY = 3;
				TEST_TARGET_NAME = DuckDuckGoVPN_tvOS;
			};
			name = Release;
		};
/* End XCBuildConfiguration section */

/* Begin XCConfigurationList section */
		7B8B37442B72E9FE00182393 /* Build configuration list for PBXProject "DuckDuckGoVPN_tvOS" */ = {
			isa = XCConfigurationList;
			buildConfigurations = (
				7B8B376F2B72E9FF00182393 /* Debug */,
				7B8B37702B72E9FF00182393 /* Release */,
			);
			defaultConfigurationIsVisible = 0;
			defaultConfigurationName = Release;
		};
		7B8B37712B72E9FF00182393 /* Build configuration list for PBXNativeTarget "DuckDuckGoVPN_tvOS" */ = {
			isa = XCConfigurationList;
			buildConfigurations = (
				7B8B37722B72E9FF00182393 /* Debug */,
				7B8B37732B72E9FF00182393 /* Release */,
			);
			defaultConfigurationIsVisible = 0;
			defaultConfigurationName = Release;
		};
		7B8B37742B72E9FF00182393 /* Build configuration list for PBXNativeTarget "DuckDuckGoVPN_tvOSTests" */ = {
			isa = XCConfigurationList;
			buildConfigurations = (
				7B8B37752B72E9FF00182393 /* Debug */,
				7B8B37762B72E9FF00182393 /* Release */,
			);
			defaultConfigurationIsVisible = 0;
			defaultConfigurationName = Release;
		};
		7B8B37772B72E9FF00182393 /* Build configuration list for PBXNativeTarget "DuckDuckGoVPN_tvOSUITests" */ = {
			isa = XCConfigurationList;
			buildConfigurations = (
				7B8B37782B72E9FF00182393 /* Debug */,
				7B8B37792B72E9FF00182393 /* Release */,
			);
			defaultConfigurationIsVisible = 0;
			defaultConfigurationName = Release;
		};
/* End XCConfigurationList section */

/* Begin XCRemoteSwiftPackageReference section */
		7B8B377E2B73866200182393 /* XCRemoteSwiftPackageReference "BrowserServicesKit" */ = {
			isa = XCRemoteSwiftPackageReference;
			repositoryURL = "https://github.com/duckduckgo/BrowserServicesKit";
			requirement = {
				kind = exactVersion;
				version = 104.1.1;
			};
		};
/* End XCRemoteSwiftPackageReference section */

/* Begin XCSwiftPackageProductDependency section */
		7B5562D02B73910800FCB13F /* VPNtvOS */ = {
			isa = XCSwiftPackageProductDependency;
			productName = VPNtvOS;
		};
		7B5562D22B7393D600FCB13F /* BrowserServicesKit */ = {
			isa = XCSwiftPackageProductDependency;
			package = 7B8B377E2B73866200182393 /* XCRemoteSwiftPackageReference "BrowserServicesKit" */;
			productName = BrowserServicesKit;
		};
/* End XCSwiftPackageProductDependency section */
	};
	rootObject = 7B8B37412B72E9FE00182393 /* Project object */;
}
