<?xml version="1.0" encoding="UTF-8"?>
<Scheme
   LastUpgradeVersion = "1520"
   version = "1.7">
   <BuildAction
      parallelizeBuildables = "YES"
      buildImplicitDependencies = "YES">
      <BuildActionEntries>
         <BuildActionEntry
            buildForTesting = "YES"
            buildForRunning = "YES"
            buildForProfiling = "YES"
            buildForArchiving = "YES"
            buildForAnalyzing = "YES">
            <BuildableReference
               BuildableIdentifier = "primary"
               BlueprintIdentifier = "AA585D7D248FD31100E9A3E2"
               BuildableName = "DuckDuckGo.app"
               BlueprintName = "DuckDuckGo Privacy Browser"
               ReferencedContainer = "container:DuckDuckGo.xcodeproj">
            </BuildableReference>
         </BuildActionEntry>
         <BuildActionEntry
            buildForTesting = "YES"
            buildForRunning = "NO"
            buildForProfiling = "NO"
            buildForArchiving = "NO"
            buildForAnalyzing = "NO">
            <BuildableReference
               BuildableIdentifier = "primary"
               BlueprintIdentifier = "4B1AD89C25FC27E200261379"
               BuildableName = "Integration Tests.xctest"
               BlueprintName = "Integration Tests"
               ReferencedContainer = "container:DuckDuckGo.xcodeproj">
            </BuildableReference>
         </BuildActionEntry>
         <BuildActionEntry
            buildForTesting = "YES"
            buildForRunning = "NO"
            buildForProfiling = "NO"
            buildForArchiving = "NO"
            buildForAnalyzing = "NO">
            <BuildableReference
               BuildableIdentifier = "primary"
               BlueprintIdentifier = "AA585D8F248FD31400E9A3E2"
               BuildableName = "Unit Tests.xctest"
               BlueprintName = "Unit Tests"
               ReferencedContainer = "container:DuckDuckGo.xcodeproj">
            </BuildableReference>
         </BuildActionEntry>
         <BuildActionEntry
            buildForTesting = "YES"
            buildForRunning = "NO"
            buildForProfiling = "NO"
            buildForArchiving = "NO"
            buildForAnalyzing = "NO">
            <BuildableReference
               BuildableIdentifier = "primary"
               BlueprintIdentifier = "DataBrokerProtectionTests"
               BuildableName = "DataBrokerProtectionTests"
               BlueprintName = "DataBrokerProtectionTests"
               ReferencedContainer = "container:LocalPackages/DataBrokerProtection">
            </BuildableReference>
         </BuildActionEntry>
         <BuildActionEntry
            buildForTesting = "YES"
            buildForRunning = "NO"
            buildForProfiling = "NO"
            buildForArchiving = "NO"
            buildForAnalyzing = "NO">
            <BuildableReference
               BuildableIdentifier = "primary"
               BlueprintIdentifier = "UDSHelperTests"
               BuildableName = "UDSHelperTests"
               BlueprintName = "UDSHelperTests"
               ReferencedContainer = "container:LocalPackages/UDSHelper">
            </BuildableReference>
         </BuildActionEntry>
      </BuildActionEntries>
   </BuildAction>
   <TestAction
      buildConfiguration = "Debug"
      selectedDebuggerIdentifier = "Xcode.DebuggerFoundation.Debugger.LLDB"
      selectedLauncherIdentifier = "Xcode.DebuggerFoundation.Launcher.LLDB"
      shouldUseLaunchSchemeArgsEnv = "YES"
      language = "en"
      codeCoverageEnabled = "YES">
      <PreActions>
         <ExecutionAction
            ActionType = "Xcode.IDEStandardExecutionActionsCore.ExecutionActionType.ShellScriptAction">
            <ActionContent
               title = "Run Script"
               scriptText = "killall tests-server&#10;killall sandbox-test-tool&#10;# integration tests resources dir&#10;pushd &quot;${METAL_LIBRARY_OUTPUT_DIR}&quot;&#10;&quot;${BUILT_PRODUCTS_DIR}/tests-server&quot; &amp;&#10;popd&#10;">
               <EnvironmentBuildable>
                  <BuildableReference
                     BuildableIdentifier = "primary"
                     BlueprintIdentifier = "4B1AD89C25FC27E200261379"
                     BuildableName = "Integration Tests.xctest"
                     BlueprintName = "Integration Tests"
                     ReferencedContainer = "container:DuckDuckGo.xcodeproj">
                  </BuildableReference>
               </EnvironmentBuildable>
            </ActionContent>
         </ExecutionAction>
      </PreActions>
      <PostActions>
         <ExecutionAction
            ActionType = "Xcode.IDEStandardExecutionActionsCore.ExecutionActionType.ShellScriptAction">
            <ActionContent
               title = "Run Script"
               scriptText = "killall tests-server&#10;killall sandbox-test-tool&#10;">
            </ActionContent>
         </ExecutionAction>
      </PostActions>
      <Testables>
         <TestableReference
            skipped = "NO">
            <BuildableReference
               BuildableIdentifier = "primary"
               BlueprintIdentifier = "AA585D8F248FD31400E9A3E2"
               BuildableName = "Unit Tests.xctest"
               BlueprintName = "Unit Tests"
               ReferencedContainer = "container:DuckDuckGo.xcodeproj">
            </BuildableReference>
            <SkippedTests>
               <Test
                  Identifier = "BrokenSiteReportingReferenceTests/testBrokenSiteReporting()">
               </Test>
               <Test
                  Identifier = "CBRCompileTimeReporterTests">
               </Test>
               <Test
                  Identifier = "PixelExperimentTests">
               </Test>
               <Test
                  Identifier = "PixelStoreTests/testWhenValuesAreAddedThenCallbacksAreCalled()">
               </Test>
               <Test
                  Identifier = "PixelStoreTests/testWhenValuesAreRemovedThenTheyAreNotInCache()">
               </Test>
               <Test
                  Identifier = "PreferencesSidebarModelTests/testWhenResetTabSelectionIfNeededCalledThenPreferencesTabIsSelected()">
               </Test>
               <Test
                  Identifier = "StatisticsLoaderTests/testWhenRefreshRetentionAtbIsPerformedForNavigationThenAppRetentionAtbRequested()">
               </Test>
               <Test
                  Identifier = "SubscriptionPagesUseSubscriptionFeatureTests/testBackToSettingsErrorOnFetchingAccountDetails()">
               </Test>
               <Test
                  Identifier = "SubscriptionPagesUseSubscriptionFeatureTests/testBackToSettingsSuccess()">
               </Test>
               <Test
                  Identifier = "TabSnapshotExtensionTests/testWhenSnapshotIsRestored_ThenRenderingIsSkippedAfterLoading()">
               </Test>
               <Test
                  Identifier = "WindowManagerStateRestorationTests/testWindowManagerStateRestoration()">
               </Test>
            </SkippedTests>
         </TestableReference>
         <TestableReference
            skipped = "NO">
            <BuildableReference
               BuildableIdentifier = "primary"
               BlueprintIdentifier = "4B1AD89C25FC27E200261379"
               BuildableName = "Integration Tests.xctest"
               BlueprintName = "Integration Tests"
               ReferencedContainer = "container:DuckDuckGo.xcodeproj">
            </BuildableReference>
            <SkippedTests>
               <Test
                  Identifier = "AddressBarTests">
               </Test>
               <Test
                  Identifier = "AddressBarTests/testWhenActivatingWindowWithPinnedTabOpen_webViewBecomesFirstResponder()">
               </Test>
               <Test
                  Identifier = "AddressBarTests/testWhenActivatingWindowWithPinnedTabWhenAddressBarIsActive_addressBarIsKeptActive()">
               </Test>
               <Test
                  Identifier = "AddressBarTests/testWhenAddressSubmittedAndAddressBarIsReactivated_addressBarIsKeptActiveOnPageLoad()">
               </Test>
               <Test
                  Identifier = "AddressBarTests/testWhenAddressSubmitted_addressBarIsDeactivated()">
               </Test>
               <Test
                  Identifier = "AddressBarTests/testWhenDeactivatingAddressBar_webViewShouldBecomeFirstResponder()">
               </Test>
               <Test
                  Identifier = "AddressBarTests/testWhenEditingSerpURL_serpIconIsDisplayed()">
               </Test>
               <Test
                  Identifier = "AddressBarTests/testWhenGoingBackToNewtabPageFromBookmarks_addressBarIsActivated()">
               </Test>
               <Test
                  Identifier = "AddressBarTests/testWhenGoingBackToNewtabPageFromSettings_addressBarIsActivated()">
               </Test>
               <Test
                  Identifier = "AddressBarTests/testWhenGoingBackToNewtabPage_addressBarIsActivated()">
               </Test>
               <Test
                  Identifier = "AddressBarTests/testWhenGoingBack_addressBarIsDeactivated()">
               </Test>
               <Test
                  Identifier = "AddressBarTests/testWhenHomePageIsOpened_addressBarIsDeactivated()">
               </Test>
               <Test
                  Identifier = "AddressBarTests/testWhenOpeningBookmark_addressBarIsDeactivated()">
               </Test>
               <Test
                  Identifier = "AddressBarTests/testWhenOpeningHistoryEntry_addressBarIsDeactivated()">
               </Test>
               <Test
                  Identifier = "AddressBarTests/testWhenOpeningNewTab_addressBarIsActivated()">
               </Test>
               <Test
                  Identifier = "AddressBarTests/testWhenOpeningURLfromUI_addressBarIsDeactivated()">
               </Test>
               <Test
                  Identifier = "AddressBarTests/testWhenPageRedirectedWhenAddressBarIsInactive_addressBarShouldReset()">
               </Test>
               <Test
                  Identifier = "AddressBarTests/testWhenPageRedirected_addressBarStaysActivePreservingUserInput()">
               </Test>
               <Test
                  Identifier = "AddressBarTests/testWhenReloadingFailingPage_addressBarIsDeactivated()">
               </Test>
               <Test
                  Identifier = "AddressBarTests/testWhenRestoringToBookmarks_addressBarIsNotActive()">
               </Test>
               <Test
                  Identifier = "AddressBarTests/testWhenRestoringToNewTab_addressBarIsActive()">
               </Test>
               <Test
                  Identifier = "AddressBarTests/testWhenRestoringToOnboarding_addressBarIsNotActive()">
               </Test>
               <Test
                  Identifier = "AddressBarTests/testWhenRestoringToSettings_addressBarIsNotActive()">
               </Test>
               <Test
                  Identifier = "AddressBarTests/testWhenRestoringToURL_addressBarIsNotActive()">
               </Test>
               <Test
                  Identifier = "AddressBarTests/testWhenSwitchingBetweenTabsWithTypedValue_typedValueIsPreserved()">
               </Test>
               <Test
                  Identifier = "AddressBarTests/testWhenSwitchingBetweenTabs_addressBarFocusStateIsCorrect()">
               </Test>
               <Test
                  Identifier = "AddressBarTests/testWhenSwitchingBetweenURLTabs_addressBarIsDeactivated()">
               </Test>
               <Test
                  Identifier = "AddressBarTests/testWhenTabReloadedBySubmittingSameAddressAndAddressIsActivated_addressBarIsKeptActiveOnPageLoad()">
               </Test>
               <Test
                  Identifier = "AddressBarTests/testWhenTabReloaded_addressBarIsDeactivated()">
               </Test>
               <Test
                  Identifier = "AddressBarTests/testWhenUserStartsTypingOnNewTabPageLoad_userInputIsNotReset()">
               </Test>
               <Test
                  Identifier = "AddressBarTests/test_WhenSiteCertificateInvalid_ThenAddressBarShowsDottedShieldIcon()">
               </Test>
               <Test
                  Identifier = "AddressBarTests/test_WhenSiteCertificateNil_ThenAddressBarShowsStandardShieldIcon()">
               </Test>
               <Test
                  Identifier = "AddressBarTests/test_WhenSiteCertificateValid_ThenAddressBarShowsStandardShieldIcon()">
               </Test>
               <Test
                  Identifier = "AddressBarTests/test_ZoomLevelDefault_ThenZoomButtonIsNotVisible()">
               </Test>
               <Test
                  Identifier = "AddressBarTests/test_ZoomLevelNonDefault_ThenZoomButtonIsVisible()">
               </Test>
               <Test
                  Identifier = "AutoconsentIntegrationTests">
               </Test>
               <Test
                  Identifier = "AutoconsentIntegrationTests/testCosmeticRule_whenFakeCookieBannerIsDisplayedAndScriptsAreReloaded_bannerIsHidden()">
               </Test>
               <Test
                  Identifier = "AutoconsentIntegrationTests/testCosmeticRule_whenFakeCookieBannerIsDisplayed_bannerIsHidden()">
               </Test>
               <Test
                  Identifier = "AutoconsentIntegrationTests/testWhenAutoconsentDisabled_promptIsDisplayed()">
               </Test>
               <Test
                  Identifier = "AutoconsentIntegrationTests/testWhenAutoconsentEnabled_cookieConsentManaged()">
               </Test>
               <Test
                  Identifier = "CSVImporterIntegrationTests">
               </Test>
               <Test
                  Identifier = "CoreDataEncryptionTests">
               </Test>
               <Test
                  Identifier = "CoreDataEncryptionTests/testSavingIncorrectValueTypes()">
               </Test>
               <Test
                  Identifier = "DeallocationTests">
               </Test>
               <Test
                  Identifier = "DeallocationTests/testWhenLastTabClosed_windowIsDeallocated()">
               </Test>
               <Test
                  Identifier = "DeallocationTests/testWindowsDeallocation()">
               </Test>
               <Test
                  Identifier = "DownloadsIntegrationTests">
               </Test>
               <Test
                  Identifier = "DownloadsIntegrationTests/testWhenDownloadIsStartedAfterAppOpensURL_tabIsClosed()">
               </Test>
               <Test
                  Identifier = "DownloadsIntegrationTests/testWhenDownloadIsStartedInNewTabAfterRedirect_tabIsClosed()">
               </Test>
               <Test
                  Identifier = "DownloadsIntegrationTests/testWhenDownloadIsStartedInNewTab_tabIsClosed()">
               </Test>
               <Test
                  Identifier = "DownloadsIntegrationTests/testWhenLocalFile_downloadStartsAlwaysDisplayingSavePanel()">
               </Test>
               <Test
                  Identifier = "DownloadsIntegrationTests/testWhenLocalFolder_loadingFails()">
               </Test>
               <Test
                  Identifier = "DownloadsIntegrationTests/testWhenLocalNonExistentFile_loadingFails()">
               </Test>
               <Test
                  Identifier = "DownloadsIntegrationTests/testWhenNavigationActionIsBlob_downloadStarts()">
               </Test>
               <Test
                  Identifier = "DownloadsIntegrationTests/testWhenNavigationActionIsData_downloadStarts()">
               </Test>
               <Test
                  Identifier = "DownloadsIntegrationTests/testWhenSaveDialogOpenInBackgroundTabAndTabIsClosed_downloadIsCancelled()">
               </Test>
               <Test
                  Identifier = "DownloadsIntegrationTests/testWhenSaveDialogOpenInBackgroundTabAndWindowIsClosed_downloadIsCancelled()">
               </Test>
               <Test
                  Identifier = "DownloadsIntegrationTests/testWhenShouldDownloadResponse_downloadStarts()">
               </Test>
               <Test
                  Identifier = "DownloadsIntegrationTests/testWhenUnsupportedMimeType_downloadStarts()">
               </Test>
               <Test
                  Identifier = "EncryptionKeyStoreTests">
               </Test>
               <Test
                  Identifier = "ErrorPageTests">
               </Test>
               <Test
                  Identifier = "ErrorPageTests/testPinnedTabDoesNotNavigateAway()">
               </Test>
               <Test
                  Identifier = "ErrorPageTests/testWhenGoingBackToFailingPageAndItFailsAgain_errorPageIsUpdated()">
               </Test>
               <Test
                  Identifier = "ErrorPageTests/testWhenGoingBackToFailingPage_reloadIsTriggered()">
               </Test>
               <Test
                  Identifier = "ErrorPageTests/testWhenGoingToAnotherUrlFails_newBackForwardHistoryItemIsAdded()">
               </Test>
               <Test
                  Identifier = "ErrorPageTests/testWhenGoingToAnotherUrlSucceeds_newBackForwardHistoryItemIsAdded()">
               </Test>
               <Test
                  Identifier = "ErrorPageTests/testWhenLoadingFailsAfterSessionRestoration_navigationHistoryIsPreserved()">
               </Test>
               <Test
                  Identifier = "ErrorPageTests/testWhenPageFailsToLoadAfterRedirect_errorPageShown()">
               </Test>
               <Test
                  Identifier = "ErrorPageTests/testWhenPageFailsToLoad_errorPageShown()">
               </Test>
               <Test
                  Identifier = "ErrorPageTests/testWhenPageLoadedAndFailsOnRefreshAndOnConsequentRefresh_errorPageIsUpdatedKeepingForwardHistory()">
               </Test>
               <Test
                  Identifier = "ErrorPageTests/testWhenPageLoadedAndFailsOnRefreshAndSucceedsOnConsequentRefresh_forwardHistoryIsPreserved()">
               </Test>
               <Test
                  Identifier = "ErrorPageTests/testWhenReloadingBySubmittingSameURL_errorPageRemainsSame()">
               </Test>
               <Test
                  Identifier = "ErrorPageTests/testWhenTabWithConnectionLostErrorActivatedAndReloadFailsAgain_errorPageIsShownOnce()">
               </Test>
               <Test
                  Identifier = "ErrorPageTests/testWhenTabWithNoConnectionErrorActivated_reloadTriggered()">
               </Test>
               <Test
                  Identifier = "ErrorPageTests/testWhenTabWithOtherErrorActivated_reloadNotTriggered()">
               </Test>
               <Test
                  Identifier = "HTTPSUpgradeIntegrationTests">
               </Test>
               <Test
                  Identifier = "HistoryIntegrationTests">
               </Test>
               <Test
                  Identifier = "HistoryIntegrationTests/testWhenNavigatingBack_visitIsNotAdded()">
               </Test>
               <Test
                  Identifier = "HistoryIntegrationTests/testWhenNavigatingToSamePage_visitIsAdded()">
               </Test>
               <Test
                  Identifier = "HistoryIntegrationTests/testWhenPageTitleIsUpdated_historyEntryTitleUpdated()">
               </Test>
               <Test
                  Identifier = "HistoryIntegrationTests/testWhenSameDocumentNavigation_historyEntryTitleUpdated()">
               </Test>
               <Test
                  Identifier = "HistoryIntegrationTests/testWhenScriptTrackerLoaded_trackerAddedToHistory()">
               </Test>
               <Test
                  Identifier = "HistoryIntegrationTests/testWhenSurrogateTrackerLoaded_trackerAddedToHistory()">
               </Test>
               <Test
                  Identifier = "NavigationProtectionIntegrationTests">
               </Test>
               <Test
                  Identifier = "NavigationProtectionIntegrationTests/testAMPLinks()">
               </Test>
               <Test
                  Identifier = "NavigationProtectionIntegrationTests/testGPC()">
               </Test>
               <Test
                  Identifier = "NavigationProtectionIntegrationTests/testReferrerTrimming()">
               </Test>
               <Test
                  Identifier = "OnboardingPageTests">
               </Test>
               <Test
                  Identifier = "OnboardingPageTests/testWhenNavigatingToOnboarding_OnboardingPageIsPresented()">
               </Test>
               <Test
                  Identifier = "OnboardingPageTests/testWhenTabInitialisedSpeacialPagesHandlersAdded()">
               </Test>
               <Test
                  Identifier = "PhishingDetectionIntegrationTests">
               </Test>
               <Test
                  Identifier = "PhishingDetectionIntegrationTests/testFeatureDisabledAndPhishingDetection_tabIsNotMarkedPhishing()">
               </Test>
               <Test
                  Identifier = "PhishingDetectionIntegrationTests/testPhishingDetectedThenDDGLoaded_tabIsNotMarkedPhishing()">
               </Test>
               <Test
                  Identifier = "PhishingDetectionIntegrationTests/testPhishingDetectedThenNotDetected_tabIsNotMarkedPhishing()">
               </Test>
               <Test
                  Identifier = "PhishingDetectionIntegrationTests/testPhishingDetectedViaHTTPRedirectChain_tabIsMarkedPhishing()">
               </Test>
               <Test
                  Identifier = "PhishingDetectionIntegrationTests/testPhishingDetectedViaJSRedirectChain_tabIsMarkedPhishing()">
               </Test>
               <Test
                  Identifier = "PhishingDetectionIntegrationTests/testPhishingDetected_tabIsMarkedPhishing()">
               </Test>
               <Test
                  Identifier = "PhishingDetectionIntegrationTests/testPhishingNotDetected_tabIsNotMarkedPhishing()">
               </Test>
               <Test
                  Identifier = "PrivacyDashboardIntegrationTests">
               </Test>
               <Test
                  Identifier = "SearchNonexistentDomainTests">
               </Test>
               <Test
                  Identifier = "SearchNonexistentDomainTests/testWhenNonexistentDomainNotEnteredByUser_notRedirectedToSERP()">
               </Test>
               <Test
                  Identifier = "SearchNonexistentDomainTests/testWhenNonexistentDomainRequestedWithScheme_notRedirectedToSERP()">
               </Test>
               <Test
                  Identifier = "SearchNonexistentDomainTests/testWhenNonexistentDomainRequestedWithValidTLD_notRedirectedToSERP()">
               </Test>
               <Test
                  Identifier = "SearchNonexistentDomainTests/testWhenNonexistentDomainRequested_redirectedToSERP()">
               </Test>
               <Test
                  Identifier = "SearchNonexistentDomainTests/testWhenNonexistentDomainSuggestionChosen_redirectedToSERP()">
               </Test>
               <Test
                  Identifier = "TabContentTests">
               </Test>
               <Test
                  Identifier = "TabContentTests/testWhenPDFContextMenuPrintChosen_printDialogOpens()">
               </Test>
               <Test
                  Identifier = "TabContentTests/testWhenPDFContextMenuSaveAsChosen_saveDialogOpens()">
               </Test>
               <Test
                  Identifier = "TabContentTests/testWhenPDFMainMenuPrintChosen_printDialogOpens()">
               </Test>
               <Test
                  Identifier = "TabContentTests/testWhenPDFMainMenuSaveAsChosen_saveDialogOpens()">
               </Test>
            </SkippedTests>
         </TestableReference>
         <TestableReference
            skipped = "YES">
            <BuildableReference
               BuildableIdentifier = "primary"
               BlueprintIdentifier = "SyncUITests"
               BuildableName = "SyncUITests"
               BlueprintName = "SyncUITests"
               ReferencedContainer = "container:LocalPackages/SyncUI">
            </BuildableReference>
         </TestableReference>
         <TestableReference
            skipped = "YES">
            <BuildableReference
               BuildableIdentifier = "primary"
               BlueprintIdentifier = "NetworkProtectionUITests"
               BuildableName = "NetworkProtectionUITests"
               BlueprintName = "NetworkProtectionUITests"
               ReferencedContainer = "container:LocalPackages/NetworkProtectionMac">
            </BuildableReference>
         </TestableReference>
         <TestableReference
            skipped = "YES">
            <BuildableReference
               BuildableIdentifier = "primary"
               BlueprintIdentifier = "DataBrokerProtectionTests"
               BuildableName = "DataBrokerProtectionTests"
               BlueprintName = "DataBrokerProtectionTests"
               ReferencedContainer = "container:LocalPackages/DataBrokerProtection">
            </BuildableReference>
         </TestableReference>
         <TestableReference
            skipped = "YES">
            <BuildableReference
               BuildableIdentifier = "primary"
               BlueprintIdentifier = "UDSHelperTests"
               BuildableName = "UDSHelperTests"
               BlueprintName = "UDSHelperTests"
               ReferencedContainer = "container:LocalPackages/UDSHelper">
            </BuildableReference>
         </TestableReference>
         <TestableReference
            skipped = "YES">
            <BuildableReference
               BuildableIdentifier = "primary"
               BlueprintIdentifier = "AppKitExtensionsTests"
               BuildableName = "AppKitExtensionsTests"
               BlueprintName = "AppKitExtensionsTests"
               ReferencedContainer = "container:LocalPackages/AppKitExtensions">
            </BuildableReference>
         </TestableReference>
      </Testables>
   </TestAction>
   <LaunchAction
      buildConfiguration = "Debug"
      selectedDebuggerIdentifier = "Xcode.DebuggerFoundation.Debugger.LLDB"
      selectedLauncherIdentifier = "Xcode.DebuggerFoundation.Launcher.LLDB"
      launchStyle = "0"
      useCustomWorkingDirectory = "NO"
      ignoresPersistentStateOnLaunch = "NO"
      debugDocumentVersioning = "YES"
      debugServiceExtension = "internal"
      enableGPUValidationMode = "1"
      allowLocationSimulation = "YES">
      <BuildableProductRunnable
         runnableDebuggingMode = "0">
         <BuildableReference
            BuildableIdentifier = "primary"
            BlueprintIdentifier = "AA585D7D248FD31100E9A3E2"
            BuildableName = "DuckDuckGo.app"
            BlueprintName = "DuckDuckGo Privacy Browser"
            ReferencedContainer = "container:DuckDuckGo.xcodeproj">
         </BuildableReference>
      </BuildableProductRunnable>
      <CommandLineArguments>
         <CommandLineArgument
            argument = "-NSConstraintBasedLayoutVisualizeMutuallyExclusiveConstraints YES"
            isEnabled = "YES">
         </CommandLineArgument>
         <CommandLineArgument
            argument = "-com.apple.CoreData.ConcurrencyDebug 1"
            isEnabled = "YES">
         </CommandLineArgument>
      </CommandLineArguments>
   </LaunchAction>
   <ProfileAction
      buildConfiguration = "Release"
      shouldUseLaunchSchemeArgsEnv = "YES"
      savedToolIdentifier = ""
      useCustomWorkingDirectory = "NO"
      debugDocumentVersioning = "YES">
      <BuildableProductRunnable
         runnableDebuggingMode = "0">
         <BuildableReference
            BuildableIdentifier = "primary"
            BlueprintIdentifier = "AA585D7D248FD31100E9A3E2"
            BuildableName = "DuckDuckGo.app"
            BlueprintName = "DuckDuckGo Privacy Browser"
            ReferencedContainer = "container:DuckDuckGo.xcodeproj">
         </BuildableReference>
      </BuildableProductRunnable>
   </ProfileAction>
   <AnalyzeAction
      buildConfiguration = "Debug">
   </AnalyzeAction>
   <ArchiveAction
      buildConfiguration = "Release"
      revealArchiveInOrganizer = "YES">
   </ArchiveAction>
</Scheme>
