{
  "pins" : [
    {
      "identity" : "swift-syntax",
      "kind" : "remoteSourceControl",
      "location" : "https://github.com/apple/swift-syntax.git",
      "state" : {
        "branch" : "main",
        "revision" : "a90e1be0bb5171e6da973946e712ade67526c207"
      }
    }
  ],
  "version" : 2
}
