{
  "pins" : [
    {
      "identity" : "browserserviceskit",
      "kind" : "remoteSourceControl",
      "location" : "https://github.com/duckduckgo/BrowserServicesKit",
      "state" : {
        "revision" : "88dd285bba7cc0e26b8dfe88c172c4f77fb654bc"
      }
    },
    {
      "identity" : "content-scope-scripts",
      "kind" : "remoteSourceControl",
      "location" : "https://github.com/duckduckgo/content-scope-scripts",
      "state" : {
        "revision" : "801b7f23476f797c6eaa72b070e6c80abb82801a",
        "version" : "4.4.4"
      }
    },
    {
      "identity" : "duckduckgo-autofill",
      "kind" : "remoteSourceControl",
      "location" : "https://github.com/duckduckgo/duckduckgo-autofill.git",
      "state" : {
        "revision" : "4aee97d550112ba6551e61ea8019fb1f1a2d3af7",
        "version" : "6.4.3"
      }
    },
    {
      "identity" : "grdb.swift",
      "kind" : "remoteSourceControl",
      "location" : "https://github.com/duckduckgo/GRDB.swift.git",
      "state" : {
        "revision" : "053d890417cdb587377156bc18f230a2caca8a51",
        "version" : "2.1.0"
      }
    },
    {
      "identity" : "lottie-ios",
      "kind" : "remoteSourceControl",
      "location" : "https://github.com/airbnb/lottie-ios",
      "state" : {
        "revision" : "4a6058cbbdfe4f74aeae92c8bd51ad3b0de2a1ee",
        "version" : "3.3.0"
      }
    },
    {
      "identity" : "ohhttpstubs",
      "kind" : "remoteSourceControl",
      "location" : "https://github.com/AliSoftware/OHHTTPStubs.git",
      "state" : {
        "revision" : "12f19662426d0434d6c330c6974d53e2eb10ecd9",
        "version" : "9.1.0"
      }
    },
    {
      "identity" : "openssl-xcframework",
      "kind" : "remoteSourceControl",
      "location" : "https://github.com/duckduckgo/OpenSSL-XCFramework",
      "state" : {
        "revision" : "238e8f700809ff0e1cad5f906cb4c3b0f77f44f9",
        "version" : "1.1.1900"
      }
    },
    {
      "identity" : "privacy-dashboard",
      "kind" : "remoteSourceControl",
      "location" : "https://github.com/duckduckgo/privacy-dashboard",
      "state" : {
        "revision" : "51e2b46f413bf3ef18afefad631ca70f2c25ef70",
        "version" : "1.4.0"
      }
    },
    {
      "identity" : "punycodeswift",
      "kind" : "remoteSourceControl",
      "location" : "https://github.com/gumob/PunycodeSwift.git",
      "state" : {
        "revision" : "4356ec54e073741449640d3d50a1fd24fd1e1b8b",
        "version" : "2.1.0"
      }
    },
    {
      "identity" : "sparkle",
      "kind" : "remoteSourceControl",
      "location" : "https://github.com/sparkle-project/Sparkle.git",
      "state" : {
        "revision" : "9d85a02fe7916caa7531847452c4933d331503a5",
        "version" : "2.3.1"
      }
    },
    {
      "identity" : "swift-argument-parser",
      "kind" : "remoteSourceControl",
      "location" : "https://github.com/apple/swift-argument-parser",
      "state" : {
        "revision" : "6b2aa2748a7881eebb9f84fb10c01293e15b52ca",
        "version" : "0.5.0"
      }
    },
    {
      "identity" : "swifter",
      "kind" : "remoteSourceControl",
      "location" : "https://github.com/httpswift/swifter.git",
      "state" : {
        "revision" : "9483a5d459b45c3ffd059f7b55f9638e268632fd",
        "version" : "1.5.0"
      }
    },
    {
      "identity" : "sync_crypto",
      "kind" : "remoteSourceControl",
      "location" : "https://github.com/duckduckgo/sync_crypto",
      "state" : {
        "revision" : "2ab6ab6f0f96b259c14c2de3fc948935fc16ac78",
        "version" : "0.2.0"
      }
    },
    {
      "identity" : "trackerradarkit",
      "kind" : "remoteSourceControl",
      "location" : "https://github.com/duckduckgo/TrackerRadarKit.git",
      "state" : {
        "revision" : "4684440d03304e7638a2c8086895367e90987463",
        "version" : "1.2.1"
      }
    }
  ],
  "version" : 2
}
