{
  "object": {
    "pins": [
      {
        "package": "BrowserServicesKit",
        "repositoryURL": "https://dub.duckduckgo.com/duckduckgo/BrowserServicesKit",
        "state": {
          "branch": null,
          "revision": "db715c141c5db258c769cf13f7899801ae08ca08",
          "version": "0.3.0"
        }
      },
      {
        "package": "CombineExt",
        "repositoryURL": "https://github.com/CombineCommunity/CombineExt.git",
        "state": {
          "branch": null,
          "revision": "6664678135c6aec049c887a51c9da2545f184882",
          "version": "1.2.0"
        }
      },
      {
        "package": "SwiftSoup",
        "repositoryURL": "https://github.com/scinfu/SwiftSoup.git",
        "state": {
          "branch": null,
          "revision": "774dc9c7213085db8aa59595e27c1cd22e428904",
          "version": "2.3.2"
        }
      },
      {
        "package": "TrackerRadarKit",
        "repositoryURL": "https://github.com/duckduckgo/TrackerRadarKit.git",
        "state": {
          "branch": null,
          "revision": "a11e97e591273845519b6b06ddbb6ba88eab2195",
          "version": "1.0.2"
        }
      }
    ]
  },
  "version": 1
}
